
Microsoft Visual Studio Solution File, Format Version 12.00
# Visual Studio 14
VisualStudioVersion = 14.0.24720.0
MinimumVisualStudioVersion = 10.0.40219.1
Project("{FAE04EC0-301F-11D3-BF4B-00C04F79EFBC}") = "_03Pinch.Droid", "03Pinch\_03Pinch.Droid\_03Pinch.Droid.csproj", "{C2E5BF7B-BCD1-4529-9DE0-0A42E55C59E9}"
EndProject
Project("{FAE04EC0-301F-11D3-BF4B-00C04F79EFBC}") = "_03Pinch.iOS", "03Pinch\_03Pinch.iOS\_03Pinch.iOS.csproj", "{D27C2B83-2446-4C19-925D-C1DC028257A1}"
EndProject
Project("{FAE04EC0-301F-11D3-BF4B-00C04F79EFBC}") = "_03Pinch.WinPhone", "03Pinch\_03Pinch.WinPhone\_03Pinch.WinPhone.csproj", "{6431B991-7908-4433-82F9-5D17693C1BCD}"
EndProject
Project("{FAE04EC0-301F-11D3-BF4B-00C04F79EFBC}") = "_03Pinch", "03Pinch\_03Pinch\_03Pinch.csproj", "{74DB9449-FE18-4AF8-A3A7-20F04CE736BF}"
EndProject
Global
	GlobalSection(SolutionConfigurationPlatforms) = preSolution
		Ad-Hoc|Any CPU = Ad-Hoc|Any CPU
		Ad-Hoc|ARM = Ad-Hoc|ARM
		Ad-Hoc|iPhone = Ad-Hoc|iPhone
		Ad-Hoc|iPhoneSimulator = Ad-Hoc|iPhoneSimulator
		Ad-Hoc|x86 = Ad-Hoc|x86
		AppStore|Any CPU = AppStore|Any CPU
		AppStore|ARM = AppStore|ARM
		AppStore|iPhone = AppStore|iPhone
		AppStore|iPhoneSimulator = AppStore|iPhoneSimulator
		AppStore|x86 = AppStore|x86
		Debug|Any CPU = Debug|Any CPU
		Debug|ARM = Debug|ARM
		Debug|iPhone = Debug|iPhone
		Debug|iPhoneSimulator = Debug|iPhoneSimulator
		Debug|x86 = Debug|x86
		Release|Any CPU = Release|Any CPU
		Release|ARM = Release|ARM
		Release|iPhone = Release|iPhone
		Release|iPhoneSimulator = Release|iPhoneSimulator
		Release|x86 = Release|x86
	EndGlobalSection
	GlobalSection(ProjectConfigurationPlatforms) = postSolution
		{C2E5BF7B-BCD1-4529-9DE0-0A42E55C59E9}.Ad-Hoc|Any CPU.ActiveCfg = Release|Any CPU
		{C2E5BF7B-BCD1-4529-9DE0-0A42E55C59E9}.Ad-Hoc|Any CPU.Build.0 = Release|Any CPU
		{C2E5BF7B-BCD1-4529-9DE0-0A42E55C59E9}.Ad-Hoc|Any CPU.Deploy.0 = Release|Any CPU
		{C2E5BF7B-BCD1-4529-9DE0-0A42E55C59E9}.Ad-Hoc|ARM.ActiveCfg = Release|Any CPU
		{C2E5BF7B-BCD1-4529-9DE0-0A42E55C59E9}.Ad-Hoc|ARM.Build.0 = Release|Any CPU
		{C2E5BF7B-BCD1-4529-9DE0-0A42E55C59E9}.Ad-Hoc|ARM.Deploy.0 = Release|Any CPU
		{C2E5BF7B-BCD1-4529-9DE0-0A42E55C59E9}.Ad-Hoc|iPhone.ActiveCfg = Release|Any CPU
		{C2E5BF7B-BCD1-4529-9DE0-0A42E55C59E9}.Ad-Hoc|iPhone.Build.0 = Release|Any CPU
		{C2E5BF7B-BCD1-4529-9DE0-0A42E55C59E9}.Ad-Hoc|iPhone.Deploy.0 = Release|Any CPU
		{C2E5BF7B-BCD1-4529-9DE0-0A42E55C59E9}.Ad-Hoc|iPhoneSimulator.ActiveCfg = Release|Any CPU
		{C2E5BF7B-BCD1-4529-9DE0-0A42E55C59E9}.Ad-Hoc|iPhoneSimulator.Build.0 = Release|Any CPU
		{C2E5BF7B-BCD1-4529-9DE0-0A42E55C59E9}.Ad-Hoc|iPhoneSimulator.Deploy.0 = Release|Any CPU
		{C2E5BF7B-BCD1-4529-9DE0-0A42E55C59E9}.Ad-Hoc|x86.ActiveCfg = Release|Any CPU
		{C2E5BF7B-BCD1-4529-9DE0-0A42E55C59E9}.Ad-Hoc|x86.Build.0 = Release|Any CPU
		{C2E5BF7B-BCD1-4529-9DE0-0A42E55C59E9}.Ad-Hoc|x86.Deploy.0 = Release|Any CPU
		{C2E5BF7B-BCD1-4529-9DE0-0A42E55C59E9}.AppStore|Any CPU.ActiveCfg = Release|Any CPU
		{C2E5BF7B-BCD1-4529-9DE0-0A42E55C59E9}.AppStore|Any CPU.Build.0 = Release|Any CPU
		{C2E5BF7B-BCD1-4529-9DE0-0A42E55C59E9}.AppStore|Any CPU.Deploy.0 = Release|Any CPU
		{C2E5BF7B-BCD1-4529-9DE0-0A42E55C59E9}.AppStore|ARM.ActiveCfg = Release|Any CPU
		{C2E5BF7B-BCD1-4529-9DE0-0A42E55C59E9}.AppStore|ARM.Build.0 = Release|Any CPU
		{C2E5BF7B-BCD1-4529-9DE0-0A42E55C59E9}.AppStore|ARM.Deploy.0 = Release|Any CPU
		{C2E5BF7B-BCD1-4529-9DE0-0A42E55C59E9}.AppStore|iPhone.ActiveCfg = Release|Any CPU
		{C2E5BF7B-BCD1-4529-9DE0-0A42E55C59E9}.AppStore|iPhone.Build.0 = Release|Any CPU
		{C2E5BF7B-BCD1-4529-9DE0-0A42E55C59E9}.AppStore|iPhone.Deploy.0 = Release|Any CPU
		{C2E5BF7B-BCD1-4529-9DE0-0A42E55C59E9}.AppStore|iPhoneSimulator.ActiveCfg = Release|Any CPU
		{C2E5BF7B-BCD1-4529-9DE0-0A42E55C59E9}.AppStore|iPhoneSimulator.Build.0 = Release|Any CPU
		{C2E5BF7B-BCD1-4529-9DE0-0A42E55C59E9}.AppStore|iPhoneSimulator.Deploy.0 = Release|Any CPU
		{C2E5BF7B-BCD1-4529-9DE0-0A42E55C59E9}.AppStore|x86.ActiveCfg = Release|Any CPU
		{C2E5BF7B-BCD1-4529-9DE0-0A42E55C59E9}.AppStore|x86.Build.0 = Release|Any CPU
		{C2E5BF7B-BCD1-4529-9DE0-0A42E55C59E9}.AppStore|x86.Deploy.0 = Release|Any CPU
		{C2E5BF7B-BCD1-4529-9DE0-0A42E55C59E9}.Debug|Any CPU.ActiveCfg = Debug|Any CPU
		{C2E5BF7B-BCD1-4529-9DE0-0A42E55C59E9}.Debug|Any CPU.Build.0 = Debug|Any CPU
		{C2E5BF7B-BCD1-4529-9DE0-0A42E55C59E9}.Debug|Any CPU.Deploy.0 = Debug|Any CPU
		{C2E5BF7B-BCD1-4529-9DE0-0A42E55C59E9}.Debug|ARM.ActiveCfg = Debug|Any CPU
		{C2E5BF7B-BCD1-4529-9DE0-0A42E55C59E9}.Debug|ARM.Build.0 = Debug|Any CPU
		{C2E5BF7B-BCD1-4529-9DE0-0A42E55C59E9}.Debug|ARM.Deploy.0 = Debug|Any CPU
		{C2E5BF7B-BCD1-4529-9DE0-0A42E55C59E9}.Debug|iPhone.ActiveCfg = Debug|Any CPU
		{C2E5BF7B-BCD1-4529-9DE0-0A42E55C59E9}.Debug|iPhone.Build.0 = Debug|Any CPU
		{C2E5BF7B-BCD1-4529-9DE0-0A42E55C59E9}.Debug|iPhone.Deploy.0 = Debug|Any CPU
		{C2E5BF7B-BCD1-4529-9DE0-0A42E55C59E9}.Debug|iPhoneSimulator.ActiveCfg = Debug|Any CPU
		{C2E5BF7B-BCD1-4529-9DE0-0A42E55C59E9}.Debug|iPhoneSimulator.Build.0 = Debug|Any CPU
		{C2E5BF7B-BCD1-4529-9DE0-0A42E55C59E9}.Debug|iPhoneSimulator.Deploy.0 = Debug|Any CPU
		{C2E5BF7B-BCD1-4529-9DE0-0A42E55C59E9}.Debug|x86.ActiveCfg = Debug|Any CPU
		{C2E5BF7B-BCD1-4529-9DE0-0A42E55C59E9}.Debug|x86.Build.0 = Debug|Any CPU
		{C2E5BF7B-BCD1-4529-9DE0-0A42E55C59E9}.Debug|x86.Deploy.0 = Debug|Any CPU
		{C2E5BF7B-BCD1-4529-9DE0-0A42E55C59E9}.Release|Any CPU.ActiveCfg = Release|Any CPU
		{C2E5BF7B-BCD1-4529-9DE0-0A42E55C59E9}.Release|Any CPU.Build.0 = Release|Any CPU
		{C2E5BF7B-BCD1-4529-9DE0-0A42E55C59E9}.Release|Any CPU.Deploy.0 = Release|Any CPU
		{C2E5BF7B-BCD1-4529-9DE0-0A42E55C59E9}.Release|ARM.ActiveCfg = Release|Any CPU
		{C2E5BF7B-BCD1-4529-9DE0-0A42E55C59E9}.Release|ARM.Build.0 = Release|Any CPU
		{C2E5BF7B-BCD1-4529-9DE0-0A42E55C59E9}.Release|ARM.Deploy.0 = Release|Any CPU
		{C2E5BF7B-BCD1-4529-9DE0-0A42E55C59E9}.Release|iPhone.ActiveCfg = Release|Any CPU
		{C2E5BF7B-BCD1-4529-9DE0-0A42E55C59E9}.Release|iPhone.Build.0 = Release|Any CPU
		{C2E5BF7B-BCD1-4529-9DE0-0A42E55C59E9}.Release|iPhone.Deploy.0 = Release|Any CPU
		{C2E5BF7B-BCD1-4529-9DE0-0A42E55C59E9}.Release|iPhoneSimulator.ActiveCfg = Release|Any CPU
		{C2E5BF7B-BCD1-4529-9DE0-0A42E55C59E9}.Release|iPhoneSimulator.Build.0 = Release|Any CPU
		{C2E5BF7B-BCD1-4529-9DE0-0A42E55C59E9}.Release|iPhoneSimulator.Deploy.0 = Release|Any CPU
		{C2E5BF7B-BCD1-4529-9DE0-0A42E55C59E9}.Release|x86.ActiveCfg = Release|Any CPU
		{C2E5BF7B-BCD1-4529-9DE0-0A42E55C59E9}.Release|x86.Build.0 = Release|Any CPU
		{C2E5BF7B-BCD1-4529-9DE0-0A42E55C59E9}.Release|x86.Deploy.0 = Release|Any CPU
		{D27C2B83-2446-4C19-925D-C1DC028257A1}.Ad-Hoc|Any CPU.ActiveCfg = Ad-Hoc|iPhone
		{D27C2B83-2446-4C19-925D-C1DC028257A1}.Ad-Hoc|ARM.ActiveCfg = Ad-Hoc|iPhone
		{D27C2B83-2446-4C19-925D-C1DC028257A1}.Ad-Hoc|iPhone.ActiveCfg = Ad-Hoc|iPhone
		{D27C2B83-2446-4C19-925D-C1DC028257A1}.Ad-Hoc|iPhone.Build.0 = Ad-Hoc|iPhone
		{D27C2B83-2446-4C19-925D-C1DC028257A1}.Ad-Hoc|iPhoneSimulator.ActiveCfg = Ad-Hoc|iPhoneSimulator
		{D27C2B83-2446-4C19-925D-C1DC028257A1}.Ad-Hoc|iPhoneSimulator.Build.0 = Ad-Hoc|iPhoneSimulator
		{D27C2B83-2446-4C19-925D-C1DC028257A1}.Ad-Hoc|x86.ActiveCfg = Ad-Hoc|iPhone
		{D27C2B83-2446-4C19-925D-C1DC028257A1}.AppStore|Any CPU.ActiveCfg = AppStore|iPhone
		{D27C2B83-2446-4C19-925D-C1DC028257A1}.AppStore|ARM.ActiveCfg = AppStore|iPhone
		{D27C2B83-2446-4C19-925D-C1DC028257A1}.AppStore|iPhone.ActiveCfg = AppStore|iPhone
		{D27C2B83-2446-4C19-925D-C1DC028257A1}.AppStore|iPhone.Build.0 = AppStore|iPhone
		{D27C2B83-2446-4C19-925D-C1DC028257A1}.AppStore|iPhoneSimulator.ActiveCfg = AppStore|iPhoneSimulator
		{D27C2B83-2446-4C19-925D-C1DC028257A1}.AppStore|iPhoneSimulator.Build.0 = AppStore|iPhoneSimulator
		{D27C2B83-2446-4C19-925D-C1DC028257A1}.AppStore|x86.ActiveCfg = AppStore|iPhone
		{D27C2B83-2446-4C19-925D-C1DC028257A1}.Debug|Any CPU.ActiveCfg = Debug|iPhone
		{D27C2B83-2446-4C19-925D-C1DC028257A1}.Debug|ARM.ActiveCfg = Debug|iPhone
		{D27C2B83-2446-4C19-925D-C1DC028257A1}.Debug|iPhone.ActiveCfg = Debug|iPhone
		{D27C2B83-2446-4C19-925D-C1DC028257A1}.Debug|iPhone.Build.0 = Debug|iPhone
		{D27C2B83-2446-4C19-925D-C1DC028257A1}.Debug|iPhoneSimulator.ActiveCfg = Debug|iPhoneSimulator
		{D27C2B83-2446-4C19-925D-C1DC028257A1}.Debug|iPhoneSimulator.Build.0 = Debug|iPhoneSimulator
		{D27C2B83-2446-4C19-925D-C1DC028257A1}.Debug|x86.ActiveCfg = Debug|iPhone
		{D27C2B83-2446-4C19-925D-C1DC028257A1}.Release|Any CPU.ActiveCfg = Release|iPhone
		{D27C2B83-2446-4C19-925D-C1DC028257A1}.Release|ARM.ActiveCfg = Release|iPhone
		{D27C2B83-2446-4C19-925D-C1DC028257A1}.Release|iPhone.ActiveCfg = Release|iPhone
		{D27C2B83-2446-4C19-925D-C1DC028257A1}.Release|iPhone.Build.0 = Release|iPhone
		{D27C2B83-2446-4C19-925D-C1DC028257A1}.Release|iPhoneSimulator.ActiveCfg = Release|iPhoneSimulator
		{D27C2B83-2446-4C19-925D-C1DC028257A1}.Release|iPhoneSimulator.Build.0 = Release|iPhoneSimulator
		{D27C2B83-2446-4C19-925D-C1DC028257A1}.Release|x86.ActiveCfg = Release|iPhone
		{6431B991-7908-4433-82F9-5D17693C1BCD}.Ad-Hoc|Any CPU.ActiveCfg = Release|Any CPU
		{6431B991-7908-4433-82F9-5D17693C1BCD}.Ad-Hoc|Any CPU.Build.0 = Release|Any CPU
		{6431B991-7908-4433-82F9-5D17693C1BCD}.Ad-Hoc|Any CPU.Deploy.0 = Release|Any CPU
		{6431B991-7908-4433-82F9-5D17693C1BCD}.Ad-Hoc|ARM.ActiveCfg = Release|ARM
		{6431B991-7908-4433-82F9-5D17693C1BCD}.Ad-Hoc|ARM.Build.0 = Release|ARM
		{6431B991-7908-4433-82F9-5D17693C1BCD}.Ad-Hoc|ARM.Deploy.0 = Release|ARM
		{6431B991-7908-4433-82F9-5D17693C1BCD}.Ad-Hoc|iPhone.ActiveCfg = Release|Any CPU
		{6431B991-7908-4433-82F9-5D17693C1BCD}.Ad-Hoc|iPhone.Build.0 = Release|Any CPU
		{6431B991-7908-4433-82F9-5D17693C1BCD}.Ad-Hoc|iPhone.Deploy.0 = Release|Any CPU
		{6431B991-7908-4433-82F9-5D17693C1BCD}.Ad-Hoc|iPhoneSimulator.ActiveCfg = Release|Any CPU
		{6431B991-7908-4433-82F9-5D17693C1BCD}.Ad-Hoc|iPhoneSimulator.Build.0 = Release|Any CPU
		{6431B991-7908-4433-82F9-5D17693C1BCD}.Ad-Hoc|iPhoneSimulator.Deploy.0 = Release|Any CPU
		{6431B991-7908-4433-82F9-5D17693C1BCD}.Ad-Hoc|x86.ActiveCfg = Release|x86
		{6431B991-7908-4433-82F9-5D17693C1BCD}.Ad-Hoc|x86.Build.0 = Release|x86
		{6431B991-7908-4433-82F9-5D17693C1BCD}.Ad-Hoc|x86.Deploy.0 = Release|x86
		{6431B991-7908-4433-82F9-5D17693C1BCD}.AppStore|Any CPU.ActiveCfg = Release|Any CPU
		{6431B991-7908-4433-82F9-5D17693C1BCD}.AppStore|Any CPU.Build.0 = Release|Any CPU
		{6431B991-7908-4433-82F9-5D17693C1BCD}.AppStore|Any CPU.Deploy.0 = Release|Any CPU
		{6431B991-7908-4433-82F9-5D17693C1BCD}.AppStore|ARM.ActiveCfg = Release|ARM
		{6431B991-7908-4433-82F9-5D17693C1BCD}.AppStore|ARM.Build.0 = Release|ARM
		{6431B991-7908-4433-82F9-5D17693C1BCD}.AppStore|ARM.Deploy.0 = Release|ARM
		{6431B991-7908-4433-82F9-5D17693C1BCD}.AppStore|iPhone.ActiveCfg = Release|Any CPU
		{6431B991-7908-4433-82F9-5D17693C1BCD}.AppStore|iPhone.Build.0 = Release|Any CPU
		{6431B991-7908-4433-82F9-5D17693C1BCD}.AppStore|iPhone.Deploy.0 = Release|Any CPU
		{6431B991-7908-4433-82F9-5D17693C1BCD}.AppStore|iPhoneSimulator.ActiveCfg = Release|Any CPU
		{6431B991-7908-4433-82F9-5D17693C1BCD}.AppStore|iPhoneSimulator.Build.0 = Release|Any CPU
		{6431B991-7908-4433-82F9-5D17693C1BCD}.AppStore|iPhoneSimulator.Deploy.0 = Release|Any CPU
		{6431B991-7908-4433-82F9-5D17693C1BCD}.AppStore|x86.ActiveCfg = Release|x86
		{6431B991-7908-4433-82F9-5D17693C1BCD}.AppStore|x86.Build.0 = Release|x86
		{6431B991-7908-4433-82F9-5D17693C1BCD}.AppStore|x86.Deploy.0 = Release|x86
		{6431B991-7908-4433-82F9-5D17693C1BCD}.Debug|Any CPU.ActiveCfg = Debug|Any CPU
		{6431B991-7908-4433-82F9-5D17693C1BCD}.Debug|Any CPU.Build.0 = Debug|Any CPU
		{6431B991-7908-4433-82F9-5D17693C1BCD}.Debug|Any CPU.Deploy.0 = Debug|Any CPU
		{6431B991-7908-4433-82F9-5D17693C1BCD}.Debug|ARM.ActiveCfg = Debug|ARM
		{6431B991-7908-4433-82F9-5D17693C1BCD}.Debug|ARM.Build.0 = Debug|ARM
		{6431B991-7908-4433-82F9-5D17693C1BCD}.Debug|ARM.Deploy.0 = Debug|ARM
		{6431B991-7908-4433-82F9-5D17693C1BCD}.Debug|iPhone.ActiveCfg = Debug|Any CPU
		{6431B991-7908-4433-82F9-5D17693C1BCD}.Debug|iPhone.Build.0 = Debug|Any CPU
		{6431B991-7908-4433-82F9-5D17693C1BCD}.Debug|iPhone.Deploy.0 = Debug|Any CPU
		{6431B991-7908-4433-82F9-5D17693C1BCD}.Debug|iPhoneSimulator.ActiveCfg = Debug|Any CPU
		{6431B991-7908-4433-82F9-5D17693C1BCD}.Debug|iPhoneSimulator.Build.0 = Debug|Any CPU
		{6431B991-7908-4433-82F9-5D17693C1BCD}.Debug|iPhoneSimulator.Deploy.0 = Debug|Any CPU
		{6431B991-7908-4433-82F9-5D17693C1BCD}.Debug|x86.ActiveCfg = Debug|x86
		{6431B991-7908-4433-82F9-5D17693C1BCD}.Debug|x86.Build.0 = Debug|x86
		{6431B991-7908-4433-82F9-5D17693C1BCD}.Debug|x86.Deploy.0 = Debug|x86
		{6431B991-7908-4433-82F9-5D17693C1BCD}.Release|Any CPU.ActiveCfg = Release|Any CPU
		{6431B991-7908-4433-82F9-5D17693C1BCD}.Release|Any CPU.Build.0 = Release|Any CPU
		{6431B991-7908-4433-82F9-5D17693C1BCD}.Release|Any CPU.Deploy.0 = Release|Any CPU
		{6431B991-7908-4433-82F9-5D17693C1BCD}.Release|ARM.ActiveCfg = Release|ARM
		{6431B991-7908-4433-82F9-5D17693C1BCD}.Release|ARM.Build.0 = Release|ARM
		{6431B991-7908-4433-82F9-5D17693C1BCD}.Release|ARM.Deploy.0 = Release|ARM
		{6431B991-7908-4433-82F9-5D17693C1BCD}.Release|iPhone.ActiveCfg = Release|Any CPU
		{6431B991-7908-4433-82F9-5D17693C1BCD}.Release|iPhone.Build.0 = Release|Any CPU
		{6431B991-7908-4433-82F9-5D17693C1BCD}.Release|iPhone.Deploy.0 = Release|Any CPU
		{6431B991-7908-4433-82F9-5D17693C1BCD}.Release|iPhoneSimulator.ActiveCfg = Release|Any CPU
		{6431B991-7908-4433-82F9-5D17693C1BCD}.Release|iPhoneSimulator.Build.0 = Release|Any CPU
		{6431B991-7908-4433-82F9-5D17693C1BCD}.Release|iPhoneSimulator.Deploy.0 = Release|Any CPU
		{6431B991-7908-4433-82F9-5D17693C1BCD}.Release|x86.ActiveCfg = Release|x86
		{6431B991-7908-4433-82F9-5D17693C1BCD}.Release|x86.Build.0 = Release|x86
		{6431B991-7908-4433-82F9-5D17693C1BCD}.Release|x86.Deploy.0 = Release|x86
		{74DB9449-FE18-4AF8-A3A7-20F04CE736BF}.Ad-Hoc|Any CPU.ActiveCfg = Release|Any CPU
		{74DB9449-FE18-4AF8-A3A7-20F04CE736BF}.Ad-Hoc|Any CPU.Build.0 = Release|Any CPU
		{74DB9449-FE18-4AF8-A3A7-20F04CE736BF}.Ad-Hoc|ARM.ActiveCfg = Release|Any CPU
		{74DB9449-FE18-4AF8-A3A7-20F04CE736BF}.Ad-Hoc|ARM.Build.0 = Release|Any CPU
		{74DB9449-FE18-4AF8-A3A7-20F04CE736BF}.Ad-Hoc|iPhone.ActiveCfg = Release|Any CPU
		{74DB9449-FE18-4AF8-A3A7-20F04CE736BF}.Ad-Hoc|iPhone.Build.0 = Release|Any CPU
		{74DB9449-FE18-4AF8-A3A7-20F04CE736BF}.Ad-Hoc|iPhoneSimulator.ActiveCfg = Release|Any CPU
		{74DB9449-FE18-4AF8-A3A7-20F04CE736BF}.Ad-Hoc|iPhoneSimulator.Build.0 = Release|Any CPU
		{74DB9449-FE18-4AF8-A3A7-20F04CE736BF}.Ad-Hoc|x86.ActiveCfg = Release|Any CPU
		{74DB9449-FE18-4AF8-A3A7-20F04CE736BF}.Ad-Hoc|x86.Build.0 = Release|Any CPU
		{74DB9449-FE18-4AF8-A3A7-20F04CE736BF}.AppStore|Any CPU.ActiveCfg = Release|Any CPU
		{74DB9449-FE18-4AF8-A3A7-20F04CE736BF}.AppStore|Any CPU.Build.0 = Release|Any CPU
		{74DB9449-FE18-4AF8-A3A7-20F04CE736BF}.AppStore|ARM.ActiveCfg = Release|Any CPU
		{74DB9449-FE18-4AF8-A3A7-20F04CE736BF}.AppStore|ARM.Build.0 = Release|Any CPU
		{74DB9449-FE18-4AF8-A3A7-20F04CE736BF}.AppStore|iPhone.ActiveCfg = Release|Any CPU
		{74DB9449-FE18-4AF8-A3A7-20F04CE736BF}.AppStore|iPhone.Build.0 = Release|Any CPU
		{74DB9449-FE18-4AF8-A3A7-20F04CE736BF}.AppStore|iPhoneSimulator.ActiveCfg = Release|Any CPU
		{74DB9449-FE18-4AF8-A3A7-20F04CE736BF}.AppStore|iPhoneSimulator.Build.0 = Release|Any CPU
		{74DB9449-FE18-4AF8-A3A7-20F04CE736BF}.AppStore|x86.ActiveCfg = Release|Any CPU
		{74DB9449-FE18-4AF8-A3A7-20F04CE736BF}.AppStore|x86.Build.0 = Release|Any CPU
		{74DB9449-FE18-4AF8-A3A7-20F04CE736BF}.Debug|Any CPU.ActiveCfg = Debug|Any CPU
		{74DB9449-FE18-4AF8-A3A7-20F04CE736BF}.Debug|Any CPU.Build.0 = Debug|Any CPU
		{74DB9449-FE18-4AF8-A3A7-20F04CE736BF}.Debug|ARM.ActiveCfg = Debug|Any CPU
		{74DB9449-FE18-4AF8-A3A7-20F04CE736BF}.Debug|ARM.Build.0 = Debug|Any CPU
		{74DB9449-FE18-4AF8-A3A7-20F04CE736BF}.Debug|iPhone.ActiveCfg = Debug|Any CPU
		{74DB9449-FE18-4AF8-A3A7-20F04CE736BF}.Debug|iPhone.Build.0 = Debug|Any CPU
		{74DB9449-FE18-4AF8-A3A7-20F04CE736BF}.Debug|iPhoneSimulator.ActiveCfg = Debug|Any CPU
		{74DB9449-FE18-4AF8-A3A7-20F04CE736BF}.Debug|iPhoneSimulator.Build.0 = Debug|Any CPU
		{74DB9449-FE18-4AF8-A3A7-20F04CE736BF}.Debug|x86.ActiveCfg = Debug|Any CPU
		{74DB9449-FE18-4AF8-A3A7-20F04CE736BF}.Debug|x86.Build.0 = Debug|Any CPU
		{74DB9449-FE18-4AF8-A3A7-20F04CE736BF}.Release|Any CPU.ActiveCfg = Release|Any CPU
		{74DB9449-FE18-4AF8-A3A7-20F04CE736BF}.Release|Any CPU.Build.0 = Release|Any CPU
		{74DB9449-FE18-4AF8-A3A7-20F04CE736BF}.Release|ARM.ActiveCfg = Release|Any CPU
		{74DB9449-FE18-4AF8-A3A7-20F04CE736BF}.Release|ARM.Build.0 = Release|Any CPU
		{74DB9449-FE18-4AF8-A3A7-20F04CE736BF}.Release|iPhone.ActiveCfg = Release|Any CPU
		{74DB9449-FE18-4AF8-A3A7-20F04CE736BF}.Release|iPhone.Build.0 = Release|Any CPU
		{74DB9449-FE18-4AF8-A3A7-20F04CE736BF}.Release|iPhoneSimulator.ActiveCfg = Release|Any CPU
		{74DB9449-FE18-4AF8-A3A7-20F04CE736BF}.Release|iPhoneSimulator.Build.0 = Release|Any CPU
		{74DB9449-FE18-4AF8-A3A7-20F04CE736BF}.Release|x86.ActiveCfg = Release|Any CPU
		{74DB9449-FE18-4AF8-A3A7-20F04CE736BF}.Release|x86.Build.0 = Release|Any CPU
	EndGlobalSection
	GlobalSection(SolutionProperties) = preSolution
		HideSolutionNode = FALSE
	EndGlobalSection
EndGlobal
