
Microsoft Visual Studio Solution File, Format Version 12.00
# Visual Studio 14
VisualStudioVersion = 14.0.24720.0
MinimumVisualStudioVersion = 10.0.40219.1
Project("{FAE04EC0-301F-11D3-BF4B-00C04F79EFBC}") = "_07ControlTemplate.Droid", "07ControlTemplate\_07ControlTemplate.Droid\_07ControlTemplate.Droid.csproj", "{85E26C72-DC0C-4445-BA57-50753273AB01}"
EndProject
Project("{FAE04EC0-301F-11D3-BF4B-00C04F79EFBC}") = "_07ControlTemplate.iOS", "07ControlTemplate\_07ControlTemplate.iOS\_07ControlTemplate.iOS.csproj", "{6343C53E-20C0-49DE-A15F-0CA2CE13177F}"
EndProject
Project("{FAE04EC0-301F-11D3-BF4B-00C04F79EFBC}") = "_07ControlTemplate.WinPhone", "07ControlTemplate\_07ControlTemplate.WinPhone\_07ControlTemplate.WinPhone.csproj", "{7630D0C4-5453-4D49-81DA-4DE72F2EA9C2}"
EndProject
Project("{FAE04EC0-301F-11D3-BF4B-00C04F79EFBC}") = "_07ControlTemplate", "07ControlTemplate\_07ControlTemplate\_07ControlTemplate.csproj", "{EA176A3B-6017-429D-9B6B-401D8CC0262F}"
EndProject
Global
	GlobalSection(SolutionConfigurationPlatforms) = preSolution
		Ad-Hoc|Any CPU = Ad-Hoc|Any CPU
		Ad-Hoc|ARM = Ad-Hoc|ARM
		Ad-Hoc|iPhone = Ad-Hoc|iPhone
		Ad-Hoc|iPhoneSimulator = Ad-Hoc|iPhoneSimulator
		Ad-Hoc|x86 = Ad-Hoc|x86
		AppStore|Any CPU = AppStore|Any CPU
		AppStore|ARM = AppStore|ARM
		AppStore|iPhone = AppStore|iPhone
		AppStore|iPhoneSimulator = AppStore|iPhoneSimulator
		AppStore|x86 = AppStore|x86
		Debug|Any CPU = Debug|Any CPU
		Debug|ARM = Debug|ARM
		Debug|iPhone = Debug|iPhone
		Debug|iPhoneSimulator = Debug|iPhoneSimulator
		Debug|x86 = Debug|x86
		Release|Any CPU = Release|Any CPU
		Release|ARM = Release|ARM
		Release|iPhone = Release|iPhone
		Release|iPhoneSimulator = Release|iPhoneSimulator
		Release|x86 = Release|x86
	EndGlobalSection
	GlobalSection(ProjectConfigurationPlatforms) = postSolution
		{85E26C72-DC0C-4445-BA57-50753273AB01}.Ad-Hoc|Any CPU.ActiveCfg = Release|Any CPU
		{85E26C72-DC0C-4445-BA57-50753273AB01}.Ad-Hoc|Any CPU.Build.0 = Release|Any CPU
		{85E26C72-DC0C-4445-BA57-50753273AB01}.Ad-Hoc|Any CPU.Deploy.0 = Release|Any CPU
		{85E26C72-DC0C-4445-BA57-50753273AB01}.Ad-Hoc|ARM.ActiveCfg = Release|Any CPU
		{85E26C72-DC0C-4445-BA57-50753273AB01}.Ad-Hoc|ARM.Build.0 = Release|Any CPU
		{85E26C72-DC0C-4445-BA57-50753273AB01}.Ad-Hoc|ARM.Deploy.0 = Release|Any CPU
		{85E26C72-DC0C-4445-BA57-50753273AB01}.Ad-Hoc|iPhone.ActiveCfg = Release|Any CPU
		{85E26C72-DC0C-4445-BA57-50753273AB01}.Ad-Hoc|iPhone.Build.0 = Release|Any CPU
		{85E26C72-DC0C-4445-BA57-50753273AB01}.Ad-Hoc|iPhone.Deploy.0 = Release|Any CPU
		{85E26C72-DC0C-4445-BA57-50753273AB01}.Ad-Hoc|iPhoneSimulator.ActiveCfg = Release|Any CPU
		{85E26C72-DC0C-4445-BA57-50753273AB01}.Ad-Hoc|iPhoneSimulator.Build.0 = Release|Any CPU
		{85E26C72-DC0C-4445-BA57-50753273AB01}.Ad-Hoc|iPhoneSimulator.Deploy.0 = Release|Any CPU
		{85E26C72-DC0C-4445-BA57-50753273AB01}.Ad-Hoc|x86.ActiveCfg = Release|Any CPU
		{85E26C72-DC0C-4445-BA57-50753273AB01}.Ad-Hoc|x86.Build.0 = Release|Any CPU
		{85E26C72-DC0C-4445-BA57-50753273AB01}.Ad-Hoc|x86.Deploy.0 = Release|Any CPU
		{85E26C72-DC0C-4445-BA57-50753273AB01}.AppStore|Any CPU.ActiveCfg = Release|Any CPU
		{85E26C72-DC0C-4445-BA57-50753273AB01}.AppStore|Any CPU.Build.0 = Release|Any CPU
		{85E26C72-DC0C-4445-BA57-50753273AB01}.AppStore|Any CPU.Deploy.0 = Release|Any CPU
		{85E26C72-DC0C-4445-BA57-50753273AB01}.AppStore|ARM.ActiveCfg = Release|Any CPU
		{85E26C72-DC0C-4445-BA57-50753273AB01}.AppStore|ARM.Build.0 = Release|Any CPU
		{85E26C72-DC0C-4445-BA57-50753273AB01}.AppStore|ARM.Deploy.0 = Release|Any CPU
		{85E26C72-DC0C-4445-BA57-50753273AB01}.AppStore|iPhone.ActiveCfg = Release|Any CPU
		{85E26C72-DC0C-4445-BA57-50753273AB01}.AppStore|iPhone.Build.0 = Release|Any CPU
		{85E26C72-DC0C-4445-BA57-50753273AB01}.AppStore|iPhone.Deploy.0 = Release|Any CPU
		{85E26C72-DC0C-4445-BA57-50753273AB01}.AppStore|iPhoneSimulator.ActiveCfg = Release|Any CPU
		{85E26C72-DC0C-4445-BA57-50753273AB01}.AppStore|iPhoneSimulator.Build.0 = Release|Any CPU
		{85E26C72-DC0C-4445-BA57-50753273AB01}.AppStore|iPhoneSimulator.Deploy.0 = Release|Any CPU
		{85E26C72-DC0C-4445-BA57-50753273AB01}.AppStore|x86.ActiveCfg = Release|Any CPU
		{85E26C72-DC0C-4445-BA57-50753273AB01}.AppStore|x86.Build.0 = Release|Any CPU
		{85E26C72-DC0C-4445-BA57-50753273AB01}.AppStore|x86.Deploy.0 = Release|Any CPU
		{85E26C72-DC0C-4445-BA57-50753273AB01}.Debug|Any CPU.ActiveCfg = Debug|Any CPU
		{85E26C72-DC0C-4445-BA57-50753273AB01}.Debug|Any CPU.Build.0 = Debug|Any CPU
		{85E26C72-DC0C-4445-BA57-50753273AB01}.Debug|Any CPU.Deploy.0 = Debug|Any CPU
		{85E26C72-DC0C-4445-BA57-50753273AB01}.Debug|ARM.ActiveCfg = Debug|Any CPU
		{85E26C72-DC0C-4445-BA57-50753273AB01}.Debug|ARM.Build.0 = Debug|Any CPU
		{85E26C72-DC0C-4445-BA57-50753273AB01}.Debug|ARM.Deploy.0 = Debug|Any CPU
		{85E26C72-DC0C-4445-BA57-50753273AB01}.Debug|iPhone.ActiveCfg = Debug|Any CPU
		{85E26C72-DC0C-4445-BA57-50753273AB01}.Debug|iPhone.Build.0 = Debug|Any CPU
		{85E26C72-DC0C-4445-BA57-50753273AB01}.Debug|iPhone.Deploy.0 = Debug|Any CPU
		{85E26C72-DC0C-4445-BA57-50753273AB01}.Debug|iPhoneSimulator.ActiveCfg = Debug|Any CPU
		{85E26C72-DC0C-4445-BA57-50753273AB01}.Debug|iPhoneSimulator.Build.0 = Debug|Any CPU
		{85E26C72-DC0C-4445-BA57-50753273AB01}.Debug|iPhoneSimulator.Deploy.0 = Debug|Any CPU
		{85E26C72-DC0C-4445-BA57-50753273AB01}.Debug|x86.ActiveCfg = Debug|Any CPU
		{85E26C72-DC0C-4445-BA57-50753273AB01}.Debug|x86.Build.0 = Debug|Any CPU
		{85E26C72-DC0C-4445-BA57-50753273AB01}.Debug|x86.Deploy.0 = Debug|Any CPU
		{85E26C72-DC0C-4445-BA57-50753273AB01}.Release|Any CPU.ActiveCfg = Release|Any CPU
		{85E26C72-DC0C-4445-BA57-50753273AB01}.Release|Any CPU.Build.0 = Release|Any CPU
		{85E26C72-DC0C-4445-BA57-50753273AB01}.Release|Any CPU.Deploy.0 = Release|Any CPU
		{85E26C72-DC0C-4445-BA57-50753273AB01}.Release|ARM.ActiveCfg = Release|Any CPU
		{85E26C72-DC0C-4445-BA57-50753273AB01}.Release|ARM.Build.0 = Release|Any CPU
		{85E26C72-DC0C-4445-BA57-50753273AB01}.Release|ARM.Deploy.0 = Release|Any CPU
		{85E26C72-DC0C-4445-BA57-50753273AB01}.Release|iPhone.ActiveCfg = Release|Any CPU
		{85E26C72-DC0C-4445-BA57-50753273AB01}.Release|iPhone.Build.0 = Release|Any CPU
		{85E26C72-DC0C-4445-BA57-50753273AB01}.Release|iPhone.Deploy.0 = Release|Any CPU
		{85E26C72-DC0C-4445-BA57-50753273AB01}.Release|iPhoneSimulator.ActiveCfg = Release|Any CPU
		{85E26C72-DC0C-4445-BA57-50753273AB01}.Release|iPhoneSimulator.Build.0 = Release|Any CPU
		{85E26C72-DC0C-4445-BA57-50753273AB01}.Release|iPhoneSimulator.Deploy.0 = Release|Any CPU
		{85E26C72-DC0C-4445-BA57-50753273AB01}.Release|x86.ActiveCfg = Release|Any CPU
		{85E26C72-DC0C-4445-BA57-50753273AB01}.Release|x86.Build.0 = Release|Any CPU
		{85E26C72-DC0C-4445-BA57-50753273AB01}.Release|x86.Deploy.0 = Release|Any CPU
		{6343C53E-20C0-49DE-A15F-0CA2CE13177F}.Ad-Hoc|Any CPU.ActiveCfg = Ad-Hoc|iPhone
		{6343C53E-20C0-49DE-A15F-0CA2CE13177F}.Ad-Hoc|ARM.ActiveCfg = Ad-Hoc|iPhone
		{6343C53E-20C0-49DE-A15F-0CA2CE13177F}.Ad-Hoc|iPhone.ActiveCfg = Ad-Hoc|iPhone
		{6343C53E-20C0-49DE-A15F-0CA2CE13177F}.Ad-Hoc|iPhone.Build.0 = Ad-Hoc|iPhone
		{6343C53E-20C0-49DE-A15F-0CA2CE13177F}.Ad-Hoc|iPhoneSimulator.ActiveCfg = Ad-Hoc|iPhoneSimulator
		{6343C53E-20C0-49DE-A15F-0CA2CE13177F}.Ad-Hoc|iPhoneSimulator.Build.0 = Ad-Hoc|iPhoneSimulator
		{6343C53E-20C0-49DE-A15F-0CA2CE13177F}.Ad-Hoc|x86.ActiveCfg = Ad-Hoc|iPhone
		{6343C53E-20C0-49DE-A15F-0CA2CE13177F}.AppStore|Any CPU.ActiveCfg = AppStore|iPhone
		{6343C53E-20C0-49DE-A15F-0CA2CE13177F}.AppStore|ARM.ActiveCfg = AppStore|iPhone
		{6343C53E-20C0-49DE-A15F-0CA2CE13177F}.AppStore|iPhone.ActiveCfg = AppStore|iPhone
		{6343C53E-20C0-49DE-A15F-0CA2CE13177F}.AppStore|iPhone.Build.0 = AppStore|iPhone
		{6343C53E-20C0-49DE-A15F-0CA2CE13177F}.AppStore|iPhoneSimulator.ActiveCfg = AppStore|iPhoneSimulator
		{6343C53E-20C0-49DE-A15F-0CA2CE13177F}.AppStore|iPhoneSimulator.Build.0 = AppStore|iPhoneSimulator
		{6343C53E-20C0-49DE-A15F-0CA2CE13177F}.AppStore|x86.ActiveCfg = AppStore|iPhone
		{6343C53E-20C0-49DE-A15F-0CA2CE13177F}.Debug|Any CPU.ActiveCfg = Debug|iPhone
		{6343C53E-20C0-49DE-A15F-0CA2CE13177F}.Debug|ARM.ActiveCfg = Debug|iPhone
		{6343C53E-20C0-49DE-A15F-0CA2CE13177F}.Debug|iPhone.ActiveCfg = Debug|iPhone
		{6343C53E-20C0-49DE-A15F-0CA2CE13177F}.Debug|iPhone.Build.0 = Debug|iPhone
		{6343C53E-20C0-49DE-A15F-0CA2CE13177F}.Debug|iPhoneSimulator.ActiveCfg = Debug|iPhoneSimulator
		{6343C53E-20C0-49DE-A15F-0CA2CE13177F}.Debug|iPhoneSimulator.Build.0 = Debug|iPhoneSimulator
		{6343C53E-20C0-49DE-A15F-0CA2CE13177F}.Debug|x86.ActiveCfg = Debug|iPhone
		{6343C53E-20C0-49DE-A15F-0CA2CE13177F}.Release|Any CPU.ActiveCfg = Release|iPhone
		{6343C53E-20C0-49DE-A15F-0CA2CE13177F}.Release|ARM.ActiveCfg = Release|iPhone
		{6343C53E-20C0-49DE-A15F-0CA2CE13177F}.Release|iPhone.ActiveCfg = Release|iPhone
		{6343C53E-20C0-49DE-A15F-0CA2CE13177F}.Release|iPhone.Build.0 = Release|iPhone
		{6343C53E-20C0-49DE-A15F-0CA2CE13177F}.Release|iPhoneSimulator.ActiveCfg = Release|iPhoneSimulator
		{6343C53E-20C0-49DE-A15F-0CA2CE13177F}.Release|iPhoneSimulator.Build.0 = Release|iPhoneSimulator
		{6343C53E-20C0-49DE-A15F-0CA2CE13177F}.Release|x86.ActiveCfg = Release|iPhone
		{7630D0C4-5453-4D49-81DA-4DE72F2EA9C2}.Ad-Hoc|Any CPU.ActiveCfg = Release|Any CPU
		{7630D0C4-5453-4D49-81DA-4DE72F2EA9C2}.Ad-Hoc|Any CPU.Build.0 = Release|Any CPU
		{7630D0C4-5453-4D49-81DA-4DE72F2EA9C2}.Ad-Hoc|Any CPU.Deploy.0 = Release|Any CPU
		{7630D0C4-5453-4D49-81DA-4DE72F2EA9C2}.Ad-Hoc|ARM.ActiveCfg = Release|ARM
		{7630D0C4-5453-4D49-81DA-4DE72F2EA9C2}.Ad-Hoc|ARM.Build.0 = Release|ARM
		{7630D0C4-5453-4D49-81DA-4DE72F2EA9C2}.Ad-Hoc|ARM.Deploy.0 = Release|ARM
		{7630D0C4-5453-4D49-81DA-4DE72F2EA9C2}.Ad-Hoc|iPhone.ActiveCfg = Release|Any CPU
		{7630D0C4-5453-4D49-81DA-4DE72F2EA9C2}.Ad-Hoc|iPhone.Build.0 = Release|Any CPU
		{7630D0C4-5453-4D49-81DA-4DE72F2EA9C2}.Ad-Hoc|iPhone.Deploy.0 = Release|Any CPU
		{7630D0C4-5453-4D49-81DA-4DE72F2EA9C2}.Ad-Hoc|iPhoneSimulator.ActiveCfg = Release|Any CPU
		{7630D0C4-5453-4D49-81DA-4DE72F2EA9C2}.Ad-Hoc|iPhoneSimulator.Build.0 = Release|Any CPU
		{7630D0C4-5453-4D49-81DA-4DE72F2EA9C2}.Ad-Hoc|iPhoneSimulator.Deploy.0 = Release|Any CPU
		{7630D0C4-5453-4D49-81DA-4DE72F2EA9C2}.Ad-Hoc|x86.ActiveCfg = Release|x86
		{7630D0C4-5453-4D49-81DA-4DE72F2EA9C2}.Ad-Hoc|x86.Build.0 = Release|x86
		{7630D0C4-5453-4D49-81DA-4DE72F2EA9C2}.Ad-Hoc|x86.Deploy.0 = Release|x86
		{7630D0C4-5453-4D49-81DA-4DE72F2EA9C2}.AppStore|Any CPU.ActiveCfg = Release|Any CPU
		{7630D0C4-5453-4D49-81DA-4DE72F2EA9C2}.AppStore|Any CPU.Build.0 = Release|Any CPU
		{7630D0C4-5453-4D49-81DA-4DE72F2EA9C2}.AppStore|Any CPU.Deploy.0 = Release|Any CPU
		{7630D0C4-5453-4D49-81DA-4DE72F2EA9C2}.AppStore|ARM.ActiveCfg = Release|ARM
		{7630D0C4-5453-4D49-81DA-4DE72F2EA9C2}.AppStore|ARM.Build.0 = Release|ARM
		{7630D0C4-5453-4D49-81DA-4DE72F2EA9C2}.AppStore|ARM.Deploy.0 = Release|ARM
		{7630D0C4-5453-4D49-81DA-4DE72F2EA9C2}.AppStore|iPhone.ActiveCfg = Release|Any CPU
		{7630D0C4-5453-4D49-81DA-4DE72F2EA9C2}.AppStore|iPhone.Build.0 = Release|Any CPU
		{7630D0C4-5453-4D49-81DA-4DE72F2EA9C2}.AppStore|iPhone.Deploy.0 = Release|Any CPU
		{7630D0C4-5453-4D49-81DA-4DE72F2EA9C2}.AppStore|iPhoneSimulator.ActiveCfg = Release|Any CPU
		{7630D0C4-5453-4D49-81DA-4DE72F2EA9C2}.AppStore|iPhoneSimulator.Build.0 = Release|Any CPU
		{7630D0C4-5453-4D49-81DA-4DE72F2EA9C2}.AppStore|iPhoneSimulator.Deploy.0 = Release|Any CPU
		{7630D0C4-5453-4D49-81DA-4DE72F2EA9C2}.AppStore|x86.ActiveCfg = Release|x86
		{7630D0C4-5453-4D49-81DA-4DE72F2EA9C2}.AppStore|x86.Build.0 = Release|x86
		{7630D0C4-5453-4D49-81DA-4DE72F2EA9C2}.AppStore|x86.Deploy.0 = Release|x86
		{7630D0C4-5453-4D49-81DA-4DE72F2EA9C2}.Debug|Any CPU.ActiveCfg = Debug|Any CPU
		{7630D0C4-5453-4D49-81DA-4DE72F2EA9C2}.Debug|Any CPU.Build.0 = Debug|Any CPU
		{7630D0C4-5453-4D49-81DA-4DE72F2EA9C2}.Debug|Any CPU.Deploy.0 = Debug|Any CPU
		{7630D0C4-5453-4D49-81DA-4DE72F2EA9C2}.Debug|ARM.ActiveCfg = Debug|ARM
		{7630D0C4-5453-4D49-81DA-4DE72F2EA9C2}.Debug|ARM.Build.0 = Debug|ARM
		{7630D0C4-5453-4D49-81DA-4DE72F2EA9C2}.Debug|ARM.Deploy.0 = Debug|ARM
		{7630D0C4-5453-4D49-81DA-4DE72F2EA9C2}.Debug|iPhone.ActiveCfg = Debug|Any CPU
		{7630D0C4-5453-4D49-81DA-4DE72F2EA9C2}.Debug|iPhone.Build.0 = Debug|Any CPU
		{7630D0C4-5453-4D49-81DA-4DE72F2EA9C2}.Debug|iPhone.Deploy.0 = Debug|Any CPU
		{7630D0C4-5453-4D49-81DA-4DE72F2EA9C2}.Debug|iPhoneSimulator.ActiveCfg = Debug|Any CPU
		{7630D0C4-5453-4D49-81DA-4DE72F2EA9C2}.Debug|iPhoneSimulator.Build.0 = Debug|Any CPU
		{7630D0C4-5453-4D49-81DA-4DE72F2EA9C2}.Debug|iPhoneSimulator.Deploy.0 = Debug|Any CPU
		{7630D0C4-5453-4D49-81DA-4DE72F2EA9C2}.Debug|x86.ActiveCfg = Debug|x86
		{7630D0C4-5453-4D49-81DA-4DE72F2EA9C2}.Debug|x86.Build.0 = Debug|x86
		{7630D0C4-5453-4D49-81DA-4DE72F2EA9C2}.Debug|x86.Deploy.0 = Debug|x86
		{7630D0C4-5453-4D49-81DA-4DE72F2EA9C2}.Release|Any CPU.ActiveCfg = Release|Any CPU
		{7630D0C4-5453-4D49-81DA-4DE72F2EA9C2}.Release|Any CPU.Build.0 = Release|Any CPU
		{7630D0C4-5453-4D49-81DA-4DE72F2EA9C2}.Release|Any CPU.Deploy.0 = Release|Any CPU
		{7630D0C4-5453-4D49-81DA-4DE72F2EA9C2}.Release|ARM.ActiveCfg = Release|ARM
		{7630D0C4-5453-4D49-81DA-4DE72F2EA9C2}.Release|ARM.Build.0 = Release|ARM
		{7630D0C4-5453-4D49-81DA-4DE72F2EA9C2}.Release|ARM.Deploy.0 = Release|ARM
		{7630D0C4-5453-4D49-81DA-4DE72F2EA9C2}.Release|iPhone.ActiveCfg = Release|Any CPU
		{7630D0C4-5453-4D49-81DA-4DE72F2EA9C2}.Release|iPhone.Build.0 = Release|Any CPU
		{7630D0C4-5453-4D49-81DA-4DE72F2EA9C2}.Release|iPhone.Deploy.0 = Release|Any CPU
		{7630D0C4-5453-4D49-81DA-4DE72F2EA9C2}.Release|iPhoneSimulator.ActiveCfg = Release|Any CPU
		{7630D0C4-5453-4D49-81DA-4DE72F2EA9C2}.Release|iPhoneSimulator.Build.0 = Release|Any CPU
		{7630D0C4-5453-4D49-81DA-4DE72F2EA9C2}.Release|iPhoneSimulator.Deploy.0 = Release|Any CPU
		{7630D0C4-5453-4D49-81DA-4DE72F2EA9C2}.Release|x86.ActiveCfg = Release|x86
		{7630D0C4-5453-4D49-81DA-4DE72F2EA9C2}.Release|x86.Build.0 = Release|x86
		{7630D0C4-5453-4D49-81DA-4DE72F2EA9C2}.Release|x86.Deploy.0 = Release|x86
		{EA176A3B-6017-429D-9B6B-401D8CC0262F}.Ad-Hoc|Any CPU.ActiveCfg = Release|Any CPU
		{EA176A3B-6017-429D-9B6B-401D8CC0262F}.Ad-Hoc|Any CPU.Build.0 = Release|Any CPU
		{EA176A3B-6017-429D-9B6B-401D8CC0262F}.Ad-Hoc|ARM.ActiveCfg = Release|Any CPU
		{EA176A3B-6017-429D-9B6B-401D8CC0262F}.Ad-Hoc|ARM.Build.0 = Release|Any CPU
		{EA176A3B-6017-429D-9B6B-401D8CC0262F}.Ad-Hoc|iPhone.ActiveCfg = Release|Any CPU
		{EA176A3B-6017-429D-9B6B-401D8CC0262F}.Ad-Hoc|iPhone.Build.0 = Release|Any CPU
		{EA176A3B-6017-429D-9B6B-401D8CC0262F}.Ad-Hoc|iPhoneSimulator.ActiveCfg = Release|Any CPU
		{EA176A3B-6017-429D-9B6B-401D8CC0262F}.Ad-Hoc|iPhoneSimulator.Build.0 = Release|Any CPU
		{EA176A3B-6017-429D-9B6B-401D8CC0262F}.Ad-Hoc|x86.ActiveCfg = Release|Any CPU
		{EA176A3B-6017-429D-9B6B-401D8CC0262F}.Ad-Hoc|x86.Build.0 = Release|Any CPU
		{EA176A3B-6017-429D-9B6B-401D8CC0262F}.AppStore|Any CPU.ActiveCfg = Release|Any CPU
		{EA176A3B-6017-429D-9B6B-401D8CC0262F}.AppStore|Any CPU.Build.0 = Release|Any CPU
		{EA176A3B-6017-429D-9B6B-401D8CC0262F}.AppStore|ARM.ActiveCfg = Release|Any CPU
		{EA176A3B-6017-429D-9B6B-401D8CC0262F}.AppStore|ARM.Build.0 = Release|Any CPU
		{EA176A3B-6017-429D-9B6B-401D8CC0262F}.AppStore|iPhone.ActiveCfg = Release|Any CPU
		{EA176A3B-6017-429D-9B6B-401D8CC0262F}.AppStore|iPhone.Build.0 = Release|Any CPU
		{EA176A3B-6017-429D-9B6B-401D8CC0262F}.AppStore|iPhoneSimulator.ActiveCfg = Release|Any CPU
		{EA176A3B-6017-429D-9B6B-401D8CC0262F}.AppStore|iPhoneSimulator.Build.0 = Release|Any CPU
		{EA176A3B-6017-429D-9B6B-401D8CC0262F}.AppStore|x86.ActiveCfg = Release|Any CPU
		{EA176A3B-6017-429D-9B6B-401D8CC0262F}.AppStore|x86.Build.0 = Release|Any CPU
		{EA176A3B-6017-429D-9B6B-401D8CC0262F}.Debug|Any CPU.ActiveCfg = Debug|Any CPU
		{EA176A3B-6017-429D-9B6B-401D8CC0262F}.Debug|Any CPU.Build.0 = Debug|Any CPU
		{EA176A3B-6017-429D-9B6B-401D8CC0262F}.Debug|ARM.ActiveCfg = Debug|Any CPU
		{EA176A3B-6017-429D-9B6B-401D8CC0262F}.Debug|ARM.Build.0 = Debug|Any CPU
		{EA176A3B-6017-429D-9B6B-401D8CC0262F}.Debug|iPhone.ActiveCfg = Debug|Any CPU
		{EA176A3B-6017-429D-9B6B-401D8CC0262F}.Debug|iPhone.Build.0 = Debug|Any CPU
		{EA176A3B-6017-429D-9B6B-401D8CC0262F}.Debug|iPhoneSimulator.ActiveCfg = Debug|Any CPU
		{EA176A3B-6017-429D-9B6B-401D8CC0262F}.Debug|iPhoneSimulator.Build.0 = Debug|Any CPU
		{EA176A3B-6017-429D-9B6B-401D8CC0262F}.Debug|x86.ActiveCfg = Debug|Any CPU
		{EA176A3B-6017-429D-9B6B-401D8CC0262F}.Debug|x86.Build.0 = Debug|Any CPU
		{EA176A3B-6017-429D-9B6B-401D8CC0262F}.Release|Any CPU.ActiveCfg = Release|Any CPU
		{EA176A3B-6017-429D-9B6B-401D8CC0262F}.Release|Any CPU.Build.0 = Release|Any CPU
		{EA176A3B-6017-429D-9B6B-401D8CC0262F}.Release|ARM.ActiveCfg = Release|Any CPU
		{EA176A3B-6017-429D-9B6B-401D8CC0262F}.Release|ARM.Build.0 = Release|Any CPU
		{EA176A3B-6017-429D-9B6B-401D8CC0262F}.Release|iPhone.ActiveCfg = Release|Any CPU
		{EA176A3B-6017-429D-9B6B-401D8CC0262F}.Release|iPhone.Build.0 = Release|Any CPU
		{EA176A3B-6017-429D-9B6B-401D8CC0262F}.Release|iPhoneSimulator.ActiveCfg = Release|Any CPU
		{EA176A3B-6017-429D-9B6B-401D8CC0262F}.Release|iPhoneSimulator.Build.0 = Release|Any CPU
		{EA176A3B-6017-429D-9B6B-401D8CC0262F}.Release|x86.ActiveCfg = Release|Any CPU
		{EA176A3B-6017-429D-9B6B-401D8CC0262F}.Release|x86.Build.0 = Release|Any CPU
	EndGlobalSection
	GlobalSection(SolutionProperties) = preSolution
		HideSolutionNode = FALSE
	EndGlobalSection
EndGlobal
