
Microsoft Visual Studio Solution File, Format Version 12.00
# Visual Studio 14
VisualStudioVersion = 14.0.24720.0
MinimumVisualStudioVersion = 10.0.40219.1
Project("{FAE04EC0-301F-11D3-BF4B-00C04F79EFBC}") = "_01XAMLC.Droid", "01XAMLC\_01XAMLC.Droid\_01XAMLC.Droid.csproj", "{A45E4818-6C67-4780-BD37-D8CB82958A40}"
EndProject
Project("{FAE04EC0-301F-11D3-BF4B-00C04F79EFBC}") = "_01XAMLC.iOS", "01XAMLC\_01XAMLC.iOS\_01XAMLC.iOS.csproj", "{C07D63A9-BC86-482F-9036-49FE69FA4115}"
EndProject
Project("{FAE04EC0-301F-11D3-BF4B-00C04F79EFBC}") = "_01XAMLC.WinPhone", "01XAMLC\_01XAMLC.WinPhone\_01XAMLC.WinPhone.csproj", "{CA8075C8-D3E6-48FA-89D1-33B8767F607F}"
EndProject
Project("{FAE04EC0-301F-11D3-BF4B-00C04F79EFBC}") = "_01XAMLC", "01XAMLC\_01XAMLC\_01XAMLC.csproj", "{5F424E91-AF22-43E4-947F-B4C1169A429C}"
EndProject
Global
	GlobalSection(SolutionConfigurationPlatforms) = preSolution
		Ad-Hoc|Any CPU = Ad-Hoc|Any CPU
		Ad-Hoc|ARM = Ad-Hoc|ARM
		Ad-Hoc|iPhone = Ad-Hoc|iPhone
		Ad-Hoc|iPhoneSimulator = Ad-Hoc|iPhoneSimulator
		Ad-Hoc|x86 = Ad-Hoc|x86
		AppStore|Any CPU = AppStore|Any CPU
		AppStore|ARM = AppStore|ARM
		AppStore|iPhone = AppStore|iPhone
		AppStore|iPhoneSimulator = AppStore|iPhoneSimulator
		AppStore|x86 = AppStore|x86
		Debug|Any CPU = Debug|Any CPU
		Debug|ARM = Debug|ARM
		Debug|iPhone = Debug|iPhone
		Debug|iPhoneSimulator = Debug|iPhoneSimulator
		Debug|x86 = Debug|x86
		Release|Any CPU = Release|Any CPU
		Release|ARM = Release|ARM
		Release|iPhone = Release|iPhone
		Release|iPhoneSimulator = Release|iPhoneSimulator
		Release|x86 = Release|x86
	EndGlobalSection
	GlobalSection(ProjectConfigurationPlatforms) = postSolution
		{A45E4818-6C67-4780-BD37-D8CB82958A40}.Ad-Hoc|Any CPU.ActiveCfg = Release|Any CPU
		{A45E4818-6C67-4780-BD37-D8CB82958A40}.Ad-Hoc|Any CPU.Build.0 = Release|Any CPU
		{A45E4818-6C67-4780-BD37-D8CB82958A40}.Ad-Hoc|Any CPU.Deploy.0 = Release|Any CPU
		{A45E4818-6C67-4780-BD37-D8CB82958A40}.Ad-Hoc|ARM.ActiveCfg = Release|Any CPU
		{A45E4818-6C67-4780-BD37-D8CB82958A40}.Ad-Hoc|ARM.Build.0 = Release|Any CPU
		{A45E4818-6C67-4780-BD37-D8CB82958A40}.Ad-Hoc|ARM.Deploy.0 = Release|Any CPU
		{A45E4818-6C67-4780-BD37-D8CB82958A40}.Ad-Hoc|iPhone.ActiveCfg = Release|Any CPU
		{A45E4818-6C67-4780-BD37-D8CB82958A40}.Ad-Hoc|iPhone.Build.0 = Release|Any CPU
		{A45E4818-6C67-4780-BD37-D8CB82958A40}.Ad-Hoc|iPhone.Deploy.0 = Release|Any CPU
		{A45E4818-6C67-4780-BD37-D8CB82958A40}.Ad-Hoc|iPhoneSimulator.ActiveCfg = Release|Any CPU
		{A45E4818-6C67-4780-BD37-D8CB82958A40}.Ad-Hoc|iPhoneSimulator.Build.0 = Release|Any CPU
		{A45E4818-6C67-4780-BD37-D8CB82958A40}.Ad-Hoc|iPhoneSimulator.Deploy.0 = Release|Any CPU
		{A45E4818-6C67-4780-BD37-D8CB82958A40}.Ad-Hoc|x86.ActiveCfg = Release|Any CPU
		{A45E4818-6C67-4780-BD37-D8CB82958A40}.Ad-Hoc|x86.Build.0 = Release|Any CPU
		{A45E4818-6C67-4780-BD37-D8CB82958A40}.Ad-Hoc|x86.Deploy.0 = Release|Any CPU
		{A45E4818-6C67-4780-BD37-D8CB82958A40}.AppStore|Any CPU.ActiveCfg = Release|Any CPU
		{A45E4818-6C67-4780-BD37-D8CB82958A40}.AppStore|Any CPU.Build.0 = Release|Any CPU
		{A45E4818-6C67-4780-BD37-D8CB82958A40}.AppStore|Any CPU.Deploy.0 = Release|Any CPU
		{A45E4818-6C67-4780-BD37-D8CB82958A40}.AppStore|ARM.ActiveCfg = Release|Any CPU
		{A45E4818-6C67-4780-BD37-D8CB82958A40}.AppStore|ARM.Build.0 = Release|Any CPU
		{A45E4818-6C67-4780-BD37-D8CB82958A40}.AppStore|ARM.Deploy.0 = Release|Any CPU
		{A45E4818-6C67-4780-BD37-D8CB82958A40}.AppStore|iPhone.ActiveCfg = Release|Any CPU
		{A45E4818-6C67-4780-BD37-D8CB82958A40}.AppStore|iPhone.Build.0 = Release|Any CPU
		{A45E4818-6C67-4780-BD37-D8CB82958A40}.AppStore|iPhone.Deploy.0 = Release|Any CPU
		{A45E4818-6C67-4780-BD37-D8CB82958A40}.AppStore|iPhoneSimulator.ActiveCfg = Release|Any CPU
		{A45E4818-6C67-4780-BD37-D8CB82958A40}.AppStore|iPhoneSimulator.Build.0 = Release|Any CPU
		{A45E4818-6C67-4780-BD37-D8CB82958A40}.AppStore|iPhoneSimulator.Deploy.0 = Release|Any CPU
		{A45E4818-6C67-4780-BD37-D8CB82958A40}.AppStore|x86.ActiveCfg = Release|Any CPU
		{A45E4818-6C67-4780-BD37-D8CB82958A40}.AppStore|x86.Build.0 = Release|Any CPU
		{A45E4818-6C67-4780-BD37-D8CB82958A40}.AppStore|x86.Deploy.0 = Release|Any CPU
		{A45E4818-6C67-4780-BD37-D8CB82958A40}.Debug|Any CPU.ActiveCfg = Debug|Any CPU
		{A45E4818-6C67-4780-BD37-D8CB82958A40}.Debug|Any CPU.Build.0 = Debug|Any CPU
		{A45E4818-6C67-4780-BD37-D8CB82958A40}.Debug|Any CPU.Deploy.0 = Debug|Any CPU
		{A45E4818-6C67-4780-BD37-D8CB82958A40}.Debug|ARM.ActiveCfg = Debug|Any CPU
		{A45E4818-6C67-4780-BD37-D8CB82958A40}.Debug|ARM.Build.0 = Debug|Any CPU
		{A45E4818-6C67-4780-BD37-D8CB82958A40}.Debug|ARM.Deploy.0 = Debug|Any CPU
		{A45E4818-6C67-4780-BD37-D8CB82958A40}.Debug|iPhone.ActiveCfg = Debug|Any CPU
		{A45E4818-6C67-4780-BD37-D8CB82958A40}.Debug|iPhone.Build.0 = Debug|Any CPU
		{A45E4818-6C67-4780-BD37-D8CB82958A40}.Debug|iPhone.Deploy.0 = Debug|Any CPU
		{A45E4818-6C67-4780-BD37-D8CB82958A40}.Debug|iPhoneSimulator.ActiveCfg = Debug|Any CPU
		{A45E4818-6C67-4780-BD37-D8CB82958A40}.Debug|iPhoneSimulator.Build.0 = Debug|Any CPU
		{A45E4818-6C67-4780-BD37-D8CB82958A40}.Debug|iPhoneSimulator.Deploy.0 = Debug|Any CPU
		{A45E4818-6C67-4780-BD37-D8CB82958A40}.Debug|x86.ActiveCfg = Debug|Any CPU
		{A45E4818-6C67-4780-BD37-D8CB82958A40}.Debug|x86.Build.0 = Debug|Any CPU
		{A45E4818-6C67-4780-BD37-D8CB82958A40}.Debug|x86.Deploy.0 = Debug|Any CPU
		{A45E4818-6C67-4780-BD37-D8CB82958A40}.Release|Any CPU.ActiveCfg = Release|Any CPU
		{A45E4818-6C67-4780-BD37-D8CB82958A40}.Release|Any CPU.Build.0 = Release|Any CPU
		{A45E4818-6C67-4780-BD37-D8CB82958A40}.Release|Any CPU.Deploy.0 = Release|Any CPU
		{A45E4818-6C67-4780-BD37-D8CB82958A40}.Release|ARM.ActiveCfg = Release|Any CPU
		{A45E4818-6C67-4780-BD37-D8CB82958A40}.Release|ARM.Build.0 = Release|Any CPU
		{A45E4818-6C67-4780-BD37-D8CB82958A40}.Release|ARM.Deploy.0 = Release|Any CPU
		{A45E4818-6C67-4780-BD37-D8CB82958A40}.Release|iPhone.ActiveCfg = Release|Any CPU
		{A45E4818-6C67-4780-BD37-D8CB82958A40}.Release|iPhone.Build.0 = Release|Any CPU
		{A45E4818-6C67-4780-BD37-D8CB82958A40}.Release|iPhone.Deploy.0 = Release|Any CPU
		{A45E4818-6C67-4780-BD37-D8CB82958A40}.Release|iPhoneSimulator.ActiveCfg = Release|Any CPU
		{A45E4818-6C67-4780-BD37-D8CB82958A40}.Release|iPhoneSimulator.Build.0 = Release|Any CPU
		{A45E4818-6C67-4780-BD37-D8CB82958A40}.Release|iPhoneSimulator.Deploy.0 = Release|Any CPU
		{A45E4818-6C67-4780-BD37-D8CB82958A40}.Release|x86.ActiveCfg = Release|Any CPU
		{A45E4818-6C67-4780-BD37-D8CB82958A40}.Release|x86.Build.0 = Release|Any CPU
		{A45E4818-6C67-4780-BD37-D8CB82958A40}.Release|x86.Deploy.0 = Release|Any CPU
		{C07D63A9-BC86-482F-9036-49FE69FA4115}.Ad-Hoc|Any CPU.ActiveCfg = Ad-Hoc|iPhone
		{C07D63A9-BC86-482F-9036-49FE69FA4115}.Ad-Hoc|ARM.ActiveCfg = Ad-Hoc|iPhone
		{C07D63A9-BC86-482F-9036-49FE69FA4115}.Ad-Hoc|iPhone.ActiveCfg = Ad-Hoc|iPhone
		{C07D63A9-BC86-482F-9036-49FE69FA4115}.Ad-Hoc|iPhone.Build.0 = Ad-Hoc|iPhone
		{C07D63A9-BC86-482F-9036-49FE69FA4115}.Ad-Hoc|iPhoneSimulator.ActiveCfg = Ad-Hoc|iPhoneSimulator
		{C07D63A9-BC86-482F-9036-49FE69FA4115}.Ad-Hoc|iPhoneSimulator.Build.0 = Ad-Hoc|iPhoneSimulator
		{C07D63A9-BC86-482F-9036-49FE69FA4115}.Ad-Hoc|x86.ActiveCfg = Ad-Hoc|iPhone
		{C07D63A9-BC86-482F-9036-49FE69FA4115}.AppStore|Any CPU.ActiveCfg = AppStore|iPhone
		{C07D63A9-BC86-482F-9036-49FE69FA4115}.AppStore|ARM.ActiveCfg = AppStore|iPhone
		{C07D63A9-BC86-482F-9036-49FE69FA4115}.AppStore|iPhone.ActiveCfg = AppStore|iPhone
		{C07D63A9-BC86-482F-9036-49FE69FA4115}.AppStore|iPhone.Build.0 = AppStore|iPhone
		{C07D63A9-BC86-482F-9036-49FE69FA4115}.AppStore|iPhoneSimulator.ActiveCfg = AppStore|iPhoneSimulator
		{C07D63A9-BC86-482F-9036-49FE69FA4115}.AppStore|iPhoneSimulator.Build.0 = AppStore|iPhoneSimulator
		{C07D63A9-BC86-482F-9036-49FE69FA4115}.AppStore|x86.ActiveCfg = AppStore|iPhone
		{C07D63A9-BC86-482F-9036-49FE69FA4115}.Debug|Any CPU.ActiveCfg = Debug|iPhone
		{C07D63A9-BC86-482F-9036-49FE69FA4115}.Debug|ARM.ActiveCfg = Debug|iPhone
		{C07D63A9-BC86-482F-9036-49FE69FA4115}.Debug|iPhone.ActiveCfg = Debug|iPhone
		{C07D63A9-BC86-482F-9036-49FE69FA4115}.Debug|iPhone.Build.0 = Debug|iPhone
		{C07D63A9-BC86-482F-9036-49FE69FA4115}.Debug|iPhoneSimulator.ActiveCfg = Debug|iPhoneSimulator
		{C07D63A9-BC86-482F-9036-49FE69FA4115}.Debug|iPhoneSimulator.Build.0 = Debug|iPhoneSimulator
		{C07D63A9-BC86-482F-9036-49FE69FA4115}.Debug|x86.ActiveCfg = Debug|iPhone
		{C07D63A9-BC86-482F-9036-49FE69FA4115}.Release|Any CPU.ActiveCfg = Release|iPhone
		{C07D63A9-BC86-482F-9036-49FE69FA4115}.Release|ARM.ActiveCfg = Release|iPhone
		{C07D63A9-BC86-482F-9036-49FE69FA4115}.Release|iPhone.ActiveCfg = Release|iPhone
		{C07D63A9-BC86-482F-9036-49FE69FA4115}.Release|iPhone.Build.0 = Release|iPhone
		{C07D63A9-BC86-482F-9036-49FE69FA4115}.Release|iPhoneSimulator.ActiveCfg = Release|iPhoneSimulator
		{C07D63A9-BC86-482F-9036-49FE69FA4115}.Release|iPhoneSimulator.Build.0 = Release|iPhoneSimulator
		{C07D63A9-BC86-482F-9036-49FE69FA4115}.Release|x86.ActiveCfg = Release|iPhone
		{CA8075C8-D3E6-48FA-89D1-33B8767F607F}.Ad-Hoc|Any CPU.ActiveCfg = Release|Any CPU
		{CA8075C8-D3E6-48FA-89D1-33B8767F607F}.Ad-Hoc|Any CPU.Build.0 = Release|Any CPU
		{CA8075C8-D3E6-48FA-89D1-33B8767F607F}.Ad-Hoc|Any CPU.Deploy.0 = Release|Any CPU
		{CA8075C8-D3E6-48FA-89D1-33B8767F607F}.Ad-Hoc|ARM.ActiveCfg = Release|ARM
		{CA8075C8-D3E6-48FA-89D1-33B8767F607F}.Ad-Hoc|ARM.Build.0 = Release|ARM
		{CA8075C8-D3E6-48FA-89D1-33B8767F607F}.Ad-Hoc|ARM.Deploy.0 = Release|ARM
		{CA8075C8-D3E6-48FA-89D1-33B8767F607F}.Ad-Hoc|iPhone.ActiveCfg = Release|Any CPU
		{CA8075C8-D3E6-48FA-89D1-33B8767F607F}.Ad-Hoc|iPhone.Build.0 = Release|Any CPU
		{CA8075C8-D3E6-48FA-89D1-33B8767F607F}.Ad-Hoc|iPhone.Deploy.0 = Release|Any CPU
		{CA8075C8-D3E6-48FA-89D1-33B8767F607F}.Ad-Hoc|iPhoneSimulator.ActiveCfg = Release|Any CPU
		{CA8075C8-D3E6-48FA-89D1-33B8767F607F}.Ad-Hoc|iPhoneSimulator.Build.0 = Release|Any CPU
		{CA8075C8-D3E6-48FA-89D1-33B8767F607F}.Ad-Hoc|iPhoneSimulator.Deploy.0 = Release|Any CPU
		{CA8075C8-D3E6-48FA-89D1-33B8767F607F}.Ad-Hoc|x86.ActiveCfg = Release|x86
		{CA8075C8-D3E6-48FA-89D1-33B8767F607F}.Ad-Hoc|x86.Build.0 = Release|x86
		{CA8075C8-D3E6-48FA-89D1-33B8767F607F}.Ad-Hoc|x86.Deploy.0 = Release|x86
		{CA8075C8-D3E6-48FA-89D1-33B8767F607F}.AppStore|Any CPU.ActiveCfg = Release|Any CPU
		{CA8075C8-D3E6-48FA-89D1-33B8767F607F}.AppStore|Any CPU.Build.0 = Release|Any CPU
		{CA8075C8-D3E6-48FA-89D1-33B8767F607F}.AppStore|Any CPU.Deploy.0 = Release|Any CPU
		{CA8075C8-D3E6-48FA-89D1-33B8767F607F}.AppStore|ARM.ActiveCfg = Release|ARM
		{CA8075C8-D3E6-48FA-89D1-33B8767F607F}.AppStore|ARM.Build.0 = Release|ARM
		{CA8075C8-D3E6-48FA-89D1-33B8767F607F}.AppStore|ARM.Deploy.0 = Release|ARM
		{CA8075C8-D3E6-48FA-89D1-33B8767F607F}.AppStore|iPhone.ActiveCfg = Release|Any CPU
		{CA8075C8-D3E6-48FA-89D1-33B8767F607F}.AppStore|iPhone.Build.0 = Release|Any CPU
		{CA8075C8-D3E6-48FA-89D1-33B8767F607F}.AppStore|iPhone.Deploy.0 = Release|Any CPU
		{CA8075C8-D3E6-48FA-89D1-33B8767F607F}.AppStore|iPhoneSimulator.ActiveCfg = Release|Any CPU
		{CA8075C8-D3E6-48FA-89D1-33B8767F607F}.AppStore|iPhoneSimulator.Build.0 = Release|Any CPU
		{CA8075C8-D3E6-48FA-89D1-33B8767F607F}.AppStore|iPhoneSimulator.Deploy.0 = Release|Any CPU
		{CA8075C8-D3E6-48FA-89D1-33B8767F607F}.AppStore|x86.ActiveCfg = Release|x86
		{CA8075C8-D3E6-48FA-89D1-33B8767F607F}.AppStore|x86.Build.0 = Release|x86
		{CA8075C8-D3E6-48FA-89D1-33B8767F607F}.AppStore|x86.Deploy.0 = Release|x86
		{CA8075C8-D3E6-48FA-89D1-33B8767F607F}.Debug|Any CPU.ActiveCfg = Debug|Any CPU
		{CA8075C8-D3E6-48FA-89D1-33B8767F607F}.Debug|Any CPU.Build.0 = Debug|Any CPU
		{CA8075C8-D3E6-48FA-89D1-33B8767F607F}.Debug|Any CPU.Deploy.0 = Debug|Any CPU
		{CA8075C8-D3E6-48FA-89D1-33B8767F607F}.Debug|ARM.ActiveCfg = Debug|ARM
		{CA8075C8-D3E6-48FA-89D1-33B8767F607F}.Debug|ARM.Build.0 = Debug|ARM
		{CA8075C8-D3E6-48FA-89D1-33B8767F607F}.Debug|ARM.Deploy.0 = Debug|ARM
		{CA8075C8-D3E6-48FA-89D1-33B8767F607F}.Debug|iPhone.ActiveCfg = Debug|Any CPU
		{CA8075C8-D3E6-48FA-89D1-33B8767F607F}.Debug|iPhone.Build.0 = Debug|Any CPU
		{CA8075C8-D3E6-48FA-89D1-33B8767F607F}.Debug|iPhone.Deploy.0 = Debug|Any CPU
		{CA8075C8-D3E6-48FA-89D1-33B8767F607F}.Debug|iPhoneSimulator.ActiveCfg = Debug|Any CPU
		{CA8075C8-D3E6-48FA-89D1-33B8767F607F}.Debug|iPhoneSimulator.Build.0 = Debug|Any CPU
		{CA8075C8-D3E6-48FA-89D1-33B8767F607F}.Debug|iPhoneSimulator.Deploy.0 = Debug|Any CPU
		{CA8075C8-D3E6-48FA-89D1-33B8767F607F}.Debug|x86.ActiveCfg = Debug|x86
		{CA8075C8-D3E6-48FA-89D1-33B8767F607F}.Debug|x86.Build.0 = Debug|x86
		{CA8075C8-D3E6-48FA-89D1-33B8767F607F}.Debug|x86.Deploy.0 = Debug|x86
		{CA8075C8-D3E6-48FA-89D1-33B8767F607F}.Release|Any CPU.ActiveCfg = Release|Any CPU
		{CA8075C8-D3E6-48FA-89D1-33B8767F607F}.Release|Any CPU.Build.0 = Release|Any CPU
		{CA8075C8-D3E6-48FA-89D1-33B8767F607F}.Release|Any CPU.Deploy.0 = Release|Any CPU
		{CA8075C8-D3E6-48FA-89D1-33B8767F607F}.Release|ARM.ActiveCfg = Release|ARM
		{CA8075C8-D3E6-48FA-89D1-33B8767F607F}.Release|ARM.Build.0 = Release|ARM
		{CA8075C8-D3E6-48FA-89D1-33B8767F607F}.Release|ARM.Deploy.0 = Release|ARM
		{CA8075C8-D3E6-48FA-89D1-33B8767F607F}.Release|iPhone.ActiveCfg = Release|Any CPU
		{CA8075C8-D3E6-48FA-89D1-33B8767F607F}.Release|iPhone.Build.0 = Release|Any CPU
		{CA8075C8-D3E6-48FA-89D1-33B8767F607F}.Release|iPhone.Deploy.0 = Release|Any CPU
		{CA8075C8-D3E6-48FA-89D1-33B8767F607F}.Release|iPhoneSimulator.ActiveCfg = Release|Any CPU
		{CA8075C8-D3E6-48FA-89D1-33B8767F607F}.Release|iPhoneSimulator.Build.0 = Release|Any CPU
		{CA8075C8-D3E6-48FA-89D1-33B8767F607F}.Release|iPhoneSimulator.Deploy.0 = Release|Any CPU
		{CA8075C8-D3E6-48FA-89D1-33B8767F607F}.Release|x86.ActiveCfg = Release|x86
		{CA8075C8-D3E6-48FA-89D1-33B8767F607F}.Release|x86.Build.0 = Release|x86
		{CA8075C8-D3E6-48FA-89D1-33B8767F607F}.Release|x86.Deploy.0 = Release|x86
		{5F424E91-AF22-43E4-947F-B4C1169A429C}.Ad-Hoc|Any CPU.ActiveCfg = Release|Any CPU
		{5F424E91-AF22-43E4-947F-B4C1169A429C}.Ad-Hoc|Any CPU.Build.0 = Release|Any CPU
		{5F424E91-AF22-43E4-947F-B4C1169A429C}.Ad-Hoc|ARM.ActiveCfg = Release|Any CPU
		{5F424E91-AF22-43E4-947F-B4C1169A429C}.Ad-Hoc|ARM.Build.0 = Release|Any CPU
		{5F424E91-AF22-43E4-947F-B4C1169A429C}.Ad-Hoc|iPhone.ActiveCfg = Release|Any CPU
		{5F424E91-AF22-43E4-947F-B4C1169A429C}.Ad-Hoc|iPhone.Build.0 = Release|Any CPU
		{5F424E91-AF22-43E4-947F-B4C1169A429C}.Ad-Hoc|iPhoneSimulator.ActiveCfg = Release|Any CPU
		{5F424E91-AF22-43E4-947F-B4C1169A429C}.Ad-Hoc|iPhoneSimulator.Build.0 = Release|Any CPU
		{5F424E91-AF22-43E4-947F-B4C1169A429C}.Ad-Hoc|x86.ActiveCfg = Release|Any CPU
		{5F424E91-AF22-43E4-947F-B4C1169A429C}.Ad-Hoc|x86.Build.0 = Release|Any CPU
		{5F424E91-AF22-43E4-947F-B4C1169A429C}.AppStore|Any CPU.ActiveCfg = Release|Any CPU
		{5F424E91-AF22-43E4-947F-B4C1169A429C}.AppStore|Any CPU.Build.0 = Release|Any CPU
		{5F424E91-AF22-43E4-947F-B4C1169A429C}.AppStore|ARM.ActiveCfg = Release|Any CPU
		{5F424E91-AF22-43E4-947F-B4C1169A429C}.AppStore|ARM.Build.0 = Release|Any CPU
		{5F424E91-AF22-43E4-947F-B4C1169A429C}.AppStore|iPhone.ActiveCfg = Release|Any CPU
		{5F424E91-AF22-43E4-947F-B4C1169A429C}.AppStore|iPhone.Build.0 = Release|Any CPU
		{5F424E91-AF22-43E4-947F-B4C1169A429C}.AppStore|iPhoneSimulator.ActiveCfg = Release|Any CPU
		{5F424E91-AF22-43E4-947F-B4C1169A429C}.AppStore|iPhoneSimulator.Build.0 = Release|Any CPU
		{5F424E91-AF22-43E4-947F-B4C1169A429C}.AppStore|x86.ActiveCfg = Release|Any CPU
		{5F424E91-AF22-43E4-947F-B4C1169A429C}.AppStore|x86.Build.0 = Release|Any CPU
		{5F424E91-AF22-43E4-947F-B4C1169A429C}.Debug|Any CPU.ActiveCfg = Debug|Any CPU
		{5F424E91-AF22-43E4-947F-B4C1169A429C}.Debug|Any CPU.Build.0 = Debug|Any CPU
		{5F424E91-AF22-43E4-947F-B4C1169A429C}.Debug|ARM.ActiveCfg = Debug|Any CPU
		{5F424E91-AF22-43E4-947F-B4C1169A429C}.Debug|ARM.Build.0 = Debug|Any CPU
		{5F424E91-AF22-43E4-947F-B4C1169A429C}.Debug|iPhone.ActiveCfg = Debug|Any CPU
		{5F424E91-AF22-43E4-947F-B4C1169A429C}.Debug|iPhone.Build.0 = Debug|Any CPU
		{5F424E91-AF22-43E4-947F-B4C1169A429C}.Debug|iPhoneSimulator.ActiveCfg = Debug|Any CPU
		{5F424E91-AF22-43E4-947F-B4C1169A429C}.Debug|iPhoneSimulator.Build.0 = Debug|Any CPU
		{5F424E91-AF22-43E4-947F-B4C1169A429C}.Debug|x86.ActiveCfg = Debug|Any CPU
		{5F424E91-AF22-43E4-947F-B4C1169A429C}.Debug|x86.Build.0 = Debug|Any CPU
		{5F424E91-AF22-43E4-947F-B4C1169A429C}.Release|Any CPU.ActiveCfg = Release|Any CPU
		{5F424E91-AF22-43E4-947F-B4C1169A429C}.Release|Any CPU.Build.0 = Release|Any CPU
		{5F424E91-AF22-43E4-947F-B4C1169A429C}.Release|ARM.ActiveCfg = Release|Any CPU
		{5F424E91-AF22-43E4-947F-B4C1169A429C}.Release|ARM.Build.0 = Release|Any CPU
		{5F424E91-AF22-43E4-947F-B4C1169A429C}.Release|iPhone.ActiveCfg = Release|Any CPU
		{5F424E91-AF22-43E4-947F-B4C1169A429C}.Release|iPhone.Build.0 = Release|Any CPU
		{5F424E91-AF22-43E4-947F-B4C1169A429C}.Release|iPhoneSimulator.ActiveCfg = Release|Any CPU
		{5F424E91-AF22-43E4-947F-B4C1169A429C}.Release|iPhoneSimulator.Build.0 = Release|Any CPU
		{5F424E91-AF22-43E4-947F-B4C1169A429C}.Release|x86.ActiveCfg = Release|Any CPU
		{5F424E91-AF22-43E4-947F-B4C1169A429C}.Release|x86.Build.0 = Release|Any CPU
	EndGlobalSection
	GlobalSection(SolutionProperties) = preSolution
		HideSolutionNode = FALSE
	EndGlobalSection
EndGlobal
