
Microsoft Visual Studio Solution File, Format Version 12.00
# Visual Studio 14
VisualStudioVersion = 14.0.24720.0
MinimumVisualStudioVersion = 10.0.40219.1
Project("{FAE04EC0-301F-11D3-BF4B-00C04F79EFBC}") = "_02UWP.Droid", "02UWP\_02UWP.Droid\_02UWP.Droid.csproj", "{89D76B49-9219-474A-8F6C-1C2CEC7C9E5C}"
EndProject
Project("{FAE04EC0-301F-11D3-BF4B-00C04F79EFBC}") = "_02UWP.iOS", "02UWP\_02UWP.iOS\_02UWP.iOS.csproj", "{1594B333-8EC2-47B8-9B15-6430F86755FE}"
EndProject
Project("{FAE04EC0-301F-11D3-BF4B-00C04F79EFBC}") = "_02UWP.WinPhone", "02UWP\_02UWP.WinPhone\_02UWP.WinPhone.csproj", "{0651A2A1-F928-4EF0-9F38-7E9DDEF838D7}"
EndProject
Project("{FAE04EC0-301F-11D3-BF4B-00C04F79EFBC}") = "_02UWP", "02UWP\_02UWP\_02UWP.csproj", "{7B740D3F-A792-44AC-9B23-CC77E7D777AA}"
EndProject
Project("{FAE04EC0-301F-11D3-BF4B-00C04F79EFBC}") = "_02UWP.Windows10", "_02UWP.Windows10\_02UWP.Windows10.csproj", "{5D5B0B25-60DC-4D0F-9B57-B813A059D77D}"
EndProject
Global
	GlobalSection(SolutionConfigurationPlatforms) = preSolution
		Ad-Hoc|Any CPU = Ad-Hoc|Any CPU
		Ad-Hoc|ARM = Ad-Hoc|ARM
		Ad-Hoc|iPhone = Ad-Hoc|iPhone
		Ad-Hoc|iPhoneSimulator = Ad-Hoc|iPhoneSimulator
		Ad-Hoc|x64 = Ad-Hoc|x64
		Ad-Hoc|x86 = Ad-Hoc|x86
		AppStore|Any CPU = AppStore|Any CPU
		AppStore|ARM = AppStore|ARM
		AppStore|iPhone = AppStore|iPhone
		AppStore|iPhoneSimulator = AppStore|iPhoneSimulator
		AppStore|x64 = AppStore|x64
		AppStore|x86 = AppStore|x86
		Debug|Any CPU = Debug|Any CPU
		Debug|ARM = Debug|ARM
		Debug|iPhone = Debug|iPhone
		Debug|iPhoneSimulator = Debug|iPhoneSimulator
		Debug|x64 = Debug|x64
		Debug|x86 = Debug|x86
		Release|Any CPU = Release|Any CPU
		Release|ARM = Release|ARM
		Release|iPhone = Release|iPhone
		Release|iPhoneSimulator = Release|iPhoneSimulator
		Release|x64 = Release|x64
		Release|x86 = Release|x86
	EndGlobalSection
	GlobalSection(ProjectConfigurationPlatforms) = postSolution
		{89D76B49-9219-474A-8F6C-1C2CEC7C9E5C}.Ad-Hoc|Any CPU.ActiveCfg = Release|Any CPU
		{89D76B49-9219-474A-8F6C-1C2CEC7C9E5C}.Ad-Hoc|Any CPU.Build.0 = Release|Any CPU
		{89D76B49-9219-474A-8F6C-1C2CEC7C9E5C}.Ad-Hoc|Any CPU.Deploy.0 = Release|Any CPU
		{89D76B49-9219-474A-8F6C-1C2CEC7C9E5C}.Ad-Hoc|ARM.ActiveCfg = Release|Any CPU
		{89D76B49-9219-474A-8F6C-1C2CEC7C9E5C}.Ad-Hoc|ARM.Build.0 = Release|Any CPU
		{89D76B49-9219-474A-8F6C-1C2CEC7C9E5C}.Ad-Hoc|ARM.Deploy.0 = Release|Any CPU
		{89D76B49-9219-474A-8F6C-1C2CEC7C9E5C}.Ad-Hoc|iPhone.ActiveCfg = Release|Any CPU
		{89D76B49-9219-474A-8F6C-1C2CEC7C9E5C}.Ad-Hoc|iPhone.Build.0 = Release|Any CPU
		{89D76B49-9219-474A-8F6C-1C2CEC7C9E5C}.Ad-Hoc|iPhone.Deploy.0 = Release|Any CPU
		{89D76B49-9219-474A-8F6C-1C2CEC7C9E5C}.Ad-Hoc|iPhoneSimulator.ActiveCfg = Release|Any CPU
		{89D76B49-9219-474A-8F6C-1C2CEC7C9E5C}.Ad-Hoc|iPhoneSimulator.Build.0 = Release|Any CPU
		{89D76B49-9219-474A-8F6C-1C2CEC7C9E5C}.Ad-Hoc|iPhoneSimulator.Deploy.0 = Release|Any CPU
		{89D76B49-9219-474A-8F6C-1C2CEC7C9E5C}.Ad-Hoc|x64.ActiveCfg = Release|Any CPU
		{89D76B49-9219-474A-8F6C-1C2CEC7C9E5C}.Ad-Hoc|x64.Build.0 = Release|Any CPU
		{89D76B49-9219-474A-8F6C-1C2CEC7C9E5C}.Ad-Hoc|x64.Deploy.0 = Release|Any CPU
		{89D76B49-9219-474A-8F6C-1C2CEC7C9E5C}.Ad-Hoc|x86.ActiveCfg = Release|Any CPU
		{89D76B49-9219-474A-8F6C-1C2CEC7C9E5C}.Ad-Hoc|x86.Build.0 = Release|Any CPU
		{89D76B49-9219-474A-8F6C-1C2CEC7C9E5C}.Ad-Hoc|x86.Deploy.0 = Release|Any CPU
		{89D76B49-9219-474A-8F6C-1C2CEC7C9E5C}.AppStore|Any CPU.ActiveCfg = Release|Any CPU
		{89D76B49-9219-474A-8F6C-1C2CEC7C9E5C}.AppStore|Any CPU.Build.0 = Release|Any CPU
		{89D76B49-9219-474A-8F6C-1C2CEC7C9E5C}.AppStore|Any CPU.Deploy.0 = Release|Any CPU
		{89D76B49-9219-474A-8F6C-1C2CEC7C9E5C}.AppStore|ARM.ActiveCfg = Release|Any CPU
		{89D76B49-9219-474A-8F6C-1C2CEC7C9E5C}.AppStore|ARM.Build.0 = Release|Any CPU
		{89D76B49-9219-474A-8F6C-1C2CEC7C9E5C}.AppStore|ARM.Deploy.0 = Release|Any CPU
		{89D76B49-9219-474A-8F6C-1C2CEC7C9E5C}.AppStore|iPhone.ActiveCfg = Release|Any CPU
		{89D76B49-9219-474A-8F6C-1C2CEC7C9E5C}.AppStore|iPhone.Build.0 = Release|Any CPU
		{89D76B49-9219-474A-8F6C-1C2CEC7C9E5C}.AppStore|iPhone.Deploy.0 = Release|Any CPU
		{89D76B49-9219-474A-8F6C-1C2CEC7C9E5C}.AppStore|iPhoneSimulator.ActiveCfg = Release|Any CPU
		{89D76B49-9219-474A-8F6C-1C2CEC7C9E5C}.AppStore|iPhoneSimulator.Build.0 = Release|Any CPU
		{89D76B49-9219-474A-8F6C-1C2CEC7C9E5C}.AppStore|iPhoneSimulator.Deploy.0 = Release|Any CPU
		{89D76B49-9219-474A-8F6C-1C2CEC7C9E5C}.AppStore|x64.ActiveCfg = Release|Any CPU
		{89D76B49-9219-474A-8F6C-1C2CEC7C9E5C}.AppStore|x64.Build.0 = Release|Any CPU
		{89D76B49-9219-474A-8F6C-1C2CEC7C9E5C}.AppStore|x64.Deploy.0 = Release|Any CPU
		{89D76B49-9219-474A-8F6C-1C2CEC7C9E5C}.AppStore|x86.ActiveCfg = Release|Any CPU
		{89D76B49-9219-474A-8F6C-1C2CEC7C9E5C}.AppStore|x86.Build.0 = Release|Any CPU
		{89D76B49-9219-474A-8F6C-1C2CEC7C9E5C}.AppStore|x86.Deploy.0 = Release|Any CPU
		{89D76B49-9219-474A-8F6C-1C2CEC7C9E5C}.Debug|Any CPU.ActiveCfg = Debug|Any CPU
		{89D76B49-9219-474A-8F6C-1C2CEC7C9E5C}.Debug|Any CPU.Build.0 = Debug|Any CPU
		{89D76B49-9219-474A-8F6C-1C2CEC7C9E5C}.Debug|Any CPU.Deploy.0 = Debug|Any CPU
		{89D76B49-9219-474A-8F6C-1C2CEC7C9E5C}.Debug|ARM.ActiveCfg = Debug|Any CPU
		{89D76B49-9219-474A-8F6C-1C2CEC7C9E5C}.Debug|ARM.Build.0 = Debug|Any CPU
		{89D76B49-9219-474A-8F6C-1C2CEC7C9E5C}.Debug|ARM.Deploy.0 = Debug|Any CPU
		{89D76B49-9219-474A-8F6C-1C2CEC7C9E5C}.Debug|iPhone.ActiveCfg = Debug|Any CPU
		{89D76B49-9219-474A-8F6C-1C2CEC7C9E5C}.Debug|iPhone.Build.0 = Debug|Any CPU
		{89D76B49-9219-474A-8F6C-1C2CEC7C9E5C}.Debug|iPhone.Deploy.0 = Debug|Any CPU
		{89D76B49-9219-474A-8F6C-1C2CEC7C9E5C}.Debug|iPhoneSimulator.ActiveCfg = Debug|Any CPU
		{89D76B49-9219-474A-8F6C-1C2CEC7C9E5C}.Debug|iPhoneSimulator.Build.0 = Debug|Any CPU
		{89D76B49-9219-474A-8F6C-1C2CEC7C9E5C}.Debug|iPhoneSimulator.Deploy.0 = Debug|Any CPU
		{89D76B49-9219-474A-8F6C-1C2CEC7C9E5C}.Debug|x64.ActiveCfg = Debug|Any CPU
		{89D76B49-9219-474A-8F6C-1C2CEC7C9E5C}.Debug|x64.Build.0 = Debug|Any CPU
		{89D76B49-9219-474A-8F6C-1C2CEC7C9E5C}.Debug|x64.Deploy.0 = Debug|Any CPU
		{89D76B49-9219-474A-8F6C-1C2CEC7C9E5C}.Debug|x86.ActiveCfg = Debug|Any CPU
		{89D76B49-9219-474A-8F6C-1C2CEC7C9E5C}.Debug|x86.Build.0 = Debug|Any CPU
		{89D76B49-9219-474A-8F6C-1C2CEC7C9E5C}.Debug|x86.Deploy.0 = Debug|Any CPU
		{89D76B49-9219-474A-8F6C-1C2CEC7C9E5C}.Release|Any CPU.ActiveCfg = Release|Any CPU
		{89D76B49-9219-474A-8F6C-1C2CEC7C9E5C}.Release|Any CPU.Build.0 = Release|Any CPU
		{89D76B49-9219-474A-8F6C-1C2CEC7C9E5C}.Release|Any CPU.Deploy.0 = Release|Any CPU
		{89D76B49-9219-474A-8F6C-1C2CEC7C9E5C}.Release|ARM.ActiveCfg = Release|Any CPU
		{89D76B49-9219-474A-8F6C-1C2CEC7C9E5C}.Release|ARM.Build.0 = Release|Any CPU
		{89D76B49-9219-474A-8F6C-1C2CEC7C9E5C}.Release|ARM.Deploy.0 = Release|Any CPU
		{89D76B49-9219-474A-8F6C-1C2CEC7C9E5C}.Release|iPhone.ActiveCfg = Release|Any CPU
		{89D76B49-9219-474A-8F6C-1C2CEC7C9E5C}.Release|iPhone.Build.0 = Release|Any CPU
		{89D76B49-9219-474A-8F6C-1C2CEC7C9E5C}.Release|iPhone.Deploy.0 = Release|Any CPU
		{89D76B49-9219-474A-8F6C-1C2CEC7C9E5C}.Release|iPhoneSimulator.ActiveCfg = Release|Any CPU
		{89D76B49-9219-474A-8F6C-1C2CEC7C9E5C}.Release|iPhoneSimulator.Build.0 = Release|Any CPU
		{89D76B49-9219-474A-8F6C-1C2CEC7C9E5C}.Release|iPhoneSimulator.Deploy.0 = Release|Any CPU
		{89D76B49-9219-474A-8F6C-1C2CEC7C9E5C}.Release|x64.ActiveCfg = Release|Any CPU
		{89D76B49-9219-474A-8F6C-1C2CEC7C9E5C}.Release|x64.Build.0 = Release|Any CPU
		{89D76B49-9219-474A-8F6C-1C2CEC7C9E5C}.Release|x64.Deploy.0 = Release|Any CPU
		{89D76B49-9219-474A-8F6C-1C2CEC7C9E5C}.Release|x86.ActiveCfg = Release|Any CPU
		{89D76B49-9219-474A-8F6C-1C2CEC7C9E5C}.Release|x86.Build.0 = Release|Any CPU
		{89D76B49-9219-474A-8F6C-1C2CEC7C9E5C}.Release|x86.Deploy.0 = Release|Any CPU
		{1594B333-8EC2-47B8-9B15-6430F86755FE}.Ad-Hoc|Any CPU.ActiveCfg = Ad-Hoc|iPhone
		{1594B333-8EC2-47B8-9B15-6430F86755FE}.Ad-Hoc|ARM.ActiveCfg = Ad-Hoc|iPhone
		{1594B333-8EC2-47B8-9B15-6430F86755FE}.Ad-Hoc|iPhone.ActiveCfg = Ad-Hoc|iPhone
		{1594B333-8EC2-47B8-9B15-6430F86755FE}.Ad-Hoc|iPhone.Build.0 = Ad-Hoc|iPhone
		{1594B333-8EC2-47B8-9B15-6430F86755FE}.Ad-Hoc|iPhoneSimulator.ActiveCfg = Ad-Hoc|iPhoneSimulator
		{1594B333-8EC2-47B8-9B15-6430F86755FE}.Ad-Hoc|iPhoneSimulator.Build.0 = Ad-Hoc|iPhoneSimulator
		{1594B333-8EC2-47B8-9B15-6430F86755FE}.Ad-Hoc|x64.ActiveCfg = Ad-Hoc|iPhone
		{1594B333-8EC2-47B8-9B15-6430F86755FE}.Ad-Hoc|x86.ActiveCfg = Ad-Hoc|iPhone
		{1594B333-8EC2-47B8-9B15-6430F86755FE}.AppStore|Any CPU.ActiveCfg = AppStore|iPhone
		{1594B333-8EC2-47B8-9B15-6430F86755FE}.AppStore|ARM.ActiveCfg = AppStore|iPhone
		{1594B333-8EC2-47B8-9B15-6430F86755FE}.AppStore|iPhone.ActiveCfg = AppStore|iPhone
		{1594B333-8EC2-47B8-9B15-6430F86755FE}.AppStore|iPhone.Build.0 = AppStore|iPhone
		{1594B333-8EC2-47B8-9B15-6430F86755FE}.AppStore|iPhoneSimulator.ActiveCfg = AppStore|iPhoneSimulator
		{1594B333-8EC2-47B8-9B15-6430F86755FE}.AppStore|iPhoneSimulator.Build.0 = AppStore|iPhoneSimulator
		{1594B333-8EC2-47B8-9B15-6430F86755FE}.AppStore|x64.ActiveCfg = AppStore|iPhone
		{1594B333-8EC2-47B8-9B15-6430F86755FE}.AppStore|x86.ActiveCfg = AppStore|iPhone
		{1594B333-8EC2-47B8-9B15-6430F86755FE}.Debug|Any CPU.ActiveCfg = Debug|iPhone
		{1594B333-8EC2-47B8-9B15-6430F86755FE}.Debug|ARM.ActiveCfg = Debug|iPhone
		{1594B333-8EC2-47B8-9B15-6430F86755FE}.Debug|iPhone.ActiveCfg = Debug|iPhone
		{1594B333-8EC2-47B8-9B15-6430F86755FE}.Debug|iPhone.Build.0 = Debug|iPhone
		{1594B333-8EC2-47B8-9B15-6430F86755FE}.Debug|iPhoneSimulator.ActiveCfg = Debug|iPhoneSimulator
		{1594B333-8EC2-47B8-9B15-6430F86755FE}.Debug|iPhoneSimulator.Build.0 = Debug|iPhoneSimulator
		{1594B333-8EC2-47B8-9B15-6430F86755FE}.Debug|x64.ActiveCfg = Debug|iPhone
		{1594B333-8EC2-47B8-9B15-6430F86755FE}.Debug|x86.ActiveCfg = Debug|iPhone
		{1594B333-8EC2-47B8-9B15-6430F86755FE}.Release|Any CPU.ActiveCfg = Release|iPhone
		{1594B333-8EC2-47B8-9B15-6430F86755FE}.Release|ARM.ActiveCfg = Release|iPhone
		{1594B333-8EC2-47B8-9B15-6430F86755FE}.Release|iPhone.ActiveCfg = Release|iPhone
		{1594B333-8EC2-47B8-9B15-6430F86755FE}.Release|iPhone.Build.0 = Release|iPhone
		{1594B333-8EC2-47B8-9B15-6430F86755FE}.Release|iPhoneSimulator.ActiveCfg = Release|iPhoneSimulator
		{1594B333-8EC2-47B8-9B15-6430F86755FE}.Release|iPhoneSimulator.Build.0 = Release|iPhoneSimulator
		{1594B333-8EC2-47B8-9B15-6430F86755FE}.Release|x64.ActiveCfg = Release|iPhone
		{1594B333-8EC2-47B8-9B15-6430F86755FE}.Release|x86.ActiveCfg = Release|iPhone
		{0651A2A1-F928-4EF0-9F38-7E9DDEF838D7}.Ad-Hoc|Any CPU.ActiveCfg = Release|Any CPU
		{0651A2A1-F928-4EF0-9F38-7E9DDEF838D7}.Ad-Hoc|Any CPU.Build.0 = Release|Any CPU
		{0651A2A1-F928-4EF0-9F38-7E9DDEF838D7}.Ad-Hoc|Any CPU.Deploy.0 = Release|Any CPU
		{0651A2A1-F928-4EF0-9F38-7E9DDEF838D7}.Ad-Hoc|ARM.ActiveCfg = Release|ARM
		{0651A2A1-F928-4EF0-9F38-7E9DDEF838D7}.Ad-Hoc|ARM.Build.0 = Release|ARM
		{0651A2A1-F928-4EF0-9F38-7E9DDEF838D7}.Ad-Hoc|ARM.Deploy.0 = Release|ARM
		{0651A2A1-F928-4EF0-9F38-7E9DDEF838D7}.Ad-Hoc|iPhone.ActiveCfg = Release|Any CPU
		{0651A2A1-F928-4EF0-9F38-7E9DDEF838D7}.Ad-Hoc|iPhone.Build.0 = Release|Any CPU
		{0651A2A1-F928-4EF0-9F38-7E9DDEF838D7}.Ad-Hoc|iPhone.Deploy.0 = Release|Any CPU
		{0651A2A1-F928-4EF0-9F38-7E9DDEF838D7}.Ad-Hoc|iPhoneSimulator.ActiveCfg = Release|Any CPU
		{0651A2A1-F928-4EF0-9F38-7E9DDEF838D7}.Ad-Hoc|iPhoneSimulator.Build.0 = Release|Any CPU
		{0651A2A1-F928-4EF0-9F38-7E9DDEF838D7}.Ad-Hoc|iPhoneSimulator.Deploy.0 = Release|Any CPU
		{0651A2A1-F928-4EF0-9F38-7E9DDEF838D7}.Ad-Hoc|x64.ActiveCfg = Release|Any CPU
		{0651A2A1-F928-4EF0-9F38-7E9DDEF838D7}.Ad-Hoc|x64.Build.0 = Release|Any CPU
		{0651A2A1-F928-4EF0-9F38-7E9DDEF838D7}.Ad-Hoc|x64.Deploy.0 = Release|Any CPU
		{0651A2A1-F928-4EF0-9F38-7E9DDEF838D7}.Ad-Hoc|x86.ActiveCfg = Release|x86
		{0651A2A1-F928-4EF0-9F38-7E9DDEF838D7}.Ad-Hoc|x86.Build.0 = Release|x86
		{0651A2A1-F928-4EF0-9F38-7E9DDEF838D7}.Ad-Hoc|x86.Deploy.0 = Release|x86
		{0651A2A1-F928-4EF0-9F38-7E9DDEF838D7}.AppStore|Any CPU.ActiveCfg = Release|Any CPU
		{0651A2A1-F928-4EF0-9F38-7E9DDEF838D7}.AppStore|Any CPU.Build.0 = Release|Any CPU
		{0651A2A1-F928-4EF0-9F38-7E9DDEF838D7}.AppStore|Any CPU.Deploy.0 = Release|Any CPU
		{0651A2A1-F928-4EF0-9F38-7E9DDEF838D7}.AppStore|ARM.ActiveCfg = Release|ARM
		{0651A2A1-F928-4EF0-9F38-7E9DDEF838D7}.AppStore|ARM.Build.0 = Release|ARM
		{0651A2A1-F928-4EF0-9F38-7E9DDEF838D7}.AppStore|ARM.Deploy.0 = Release|ARM
		{0651A2A1-F928-4EF0-9F38-7E9DDEF838D7}.AppStore|iPhone.ActiveCfg = Release|Any CPU
		{0651A2A1-F928-4EF0-9F38-7E9DDEF838D7}.AppStore|iPhone.Build.0 = Release|Any CPU
		{0651A2A1-F928-4EF0-9F38-7E9DDEF838D7}.AppStore|iPhone.Deploy.0 = Release|Any CPU
		{0651A2A1-F928-4EF0-9F38-7E9DDEF838D7}.AppStore|iPhoneSimulator.ActiveCfg = Release|Any CPU
		{0651A2A1-F928-4EF0-9F38-7E9DDEF838D7}.AppStore|iPhoneSimulator.Build.0 = Release|Any CPU
		{0651A2A1-F928-4EF0-9F38-7E9DDEF838D7}.AppStore|iPhoneSimulator.Deploy.0 = Release|Any CPU
		{0651A2A1-F928-4EF0-9F38-7E9DDEF838D7}.AppStore|x64.ActiveCfg = Release|Any CPU
		{0651A2A1-F928-4EF0-9F38-7E9DDEF838D7}.AppStore|x64.Build.0 = Release|Any CPU
		{0651A2A1-F928-4EF0-9F38-7E9DDEF838D7}.AppStore|x64.Deploy.0 = Release|Any CPU
		{0651A2A1-F928-4EF0-9F38-7E9DDEF838D7}.AppStore|x86.ActiveCfg = Release|x86
		{0651A2A1-F928-4EF0-9F38-7E9DDEF838D7}.AppStore|x86.Build.0 = Release|x86
		{0651A2A1-F928-4EF0-9F38-7E9DDEF838D7}.AppStore|x86.Deploy.0 = Release|x86
		{0651A2A1-F928-4EF0-9F38-7E9DDEF838D7}.Debug|Any CPU.ActiveCfg = Debug|Any CPU
		{0651A2A1-F928-4EF0-9F38-7E9DDEF838D7}.Debug|Any CPU.Build.0 = Debug|Any CPU
		{0651A2A1-F928-4EF0-9F38-7E9DDEF838D7}.Debug|Any CPU.Deploy.0 = Debug|Any CPU
		{0651A2A1-F928-4EF0-9F38-7E9DDEF838D7}.Debug|ARM.ActiveCfg = Debug|ARM
		{0651A2A1-F928-4EF0-9F38-7E9DDEF838D7}.Debug|ARM.Build.0 = Debug|ARM
		{0651A2A1-F928-4EF0-9F38-7E9DDEF838D7}.Debug|ARM.Deploy.0 = Debug|ARM
		{0651A2A1-F928-4EF0-9F38-7E9DDEF838D7}.Debug|iPhone.ActiveCfg = Debug|Any CPU
		{0651A2A1-F928-4EF0-9F38-7E9DDEF838D7}.Debug|iPhone.Build.0 = Debug|Any CPU
		{0651A2A1-F928-4EF0-9F38-7E9DDEF838D7}.Debug|iPhone.Deploy.0 = Debug|Any CPU
		{0651A2A1-F928-4EF0-9F38-7E9DDEF838D7}.Debug|iPhoneSimulator.ActiveCfg = Debug|Any CPU
		{0651A2A1-F928-4EF0-9F38-7E9DDEF838D7}.Debug|iPhoneSimulator.Build.0 = Debug|Any CPU
		{0651A2A1-F928-4EF0-9F38-7E9DDEF838D7}.Debug|iPhoneSimulator.Deploy.0 = Debug|Any CPU
		{0651A2A1-F928-4EF0-9F38-7E9DDEF838D7}.Debug|x64.ActiveCfg = Debug|Any CPU
		{0651A2A1-F928-4EF0-9F38-7E9DDEF838D7}.Debug|x64.Build.0 = Debug|Any CPU
		{0651A2A1-F928-4EF0-9F38-7E9DDEF838D7}.Debug|x64.Deploy.0 = Debug|Any CPU
		{0651A2A1-F928-4EF0-9F38-7E9DDEF838D7}.Debug|x86.ActiveCfg = Debug|x86
		{0651A2A1-F928-4EF0-9F38-7E9DDEF838D7}.Debug|x86.Build.0 = Debug|x86
		{0651A2A1-F928-4EF0-9F38-7E9DDEF838D7}.Debug|x86.Deploy.0 = Debug|x86
		{0651A2A1-F928-4EF0-9F38-7E9DDEF838D7}.Release|Any CPU.ActiveCfg = Release|Any CPU
		{0651A2A1-F928-4EF0-9F38-7E9DDEF838D7}.Release|Any CPU.Build.0 = Release|Any CPU
		{0651A2A1-F928-4EF0-9F38-7E9DDEF838D7}.Release|Any CPU.Deploy.0 = Release|Any CPU
		{0651A2A1-F928-4EF0-9F38-7E9DDEF838D7}.Release|ARM.ActiveCfg = Release|ARM
		{0651A2A1-F928-4EF0-9F38-7E9DDEF838D7}.Release|ARM.Build.0 = Release|ARM
		{0651A2A1-F928-4EF0-9F38-7E9DDEF838D7}.Release|ARM.Deploy.0 = Release|ARM
		{0651A2A1-F928-4EF0-9F38-7E9DDEF838D7}.Release|iPhone.ActiveCfg = Release|Any CPU
		{0651A2A1-F928-4EF0-9F38-7E9DDEF838D7}.Release|iPhone.Build.0 = Release|Any CPU
		{0651A2A1-F928-4EF0-9F38-7E9DDEF838D7}.Release|iPhone.Deploy.0 = Release|Any CPU
		{0651A2A1-F928-4EF0-9F38-7E9DDEF838D7}.Release|iPhoneSimulator.ActiveCfg = Release|Any CPU
		{0651A2A1-F928-4EF0-9F38-7E9DDEF838D7}.Release|iPhoneSimulator.Build.0 = Release|Any CPU
		{0651A2A1-F928-4EF0-9F38-7E9DDEF838D7}.Release|iPhoneSimulator.Deploy.0 = Release|Any CPU
		{0651A2A1-F928-4EF0-9F38-7E9DDEF838D7}.Release|x64.ActiveCfg = Release|Any CPU
		{0651A2A1-F928-4EF0-9F38-7E9DDEF838D7}.Release|x64.Build.0 = Release|Any CPU
		{0651A2A1-F928-4EF0-9F38-7E9DDEF838D7}.Release|x64.Deploy.0 = Release|Any CPU
		{0651A2A1-F928-4EF0-9F38-7E9DDEF838D7}.Release|x86.ActiveCfg = Release|x86
		{0651A2A1-F928-4EF0-9F38-7E9DDEF838D7}.Release|x86.Build.0 = Release|x86
		{0651A2A1-F928-4EF0-9F38-7E9DDEF838D7}.Release|x86.Deploy.0 = Release|x86
		{7B740D3F-A792-44AC-9B23-CC77E7D777AA}.Ad-Hoc|Any CPU.ActiveCfg = Release|Any CPU
		{7B740D3F-A792-44AC-9B23-CC77E7D777AA}.Ad-Hoc|Any CPU.Build.0 = Release|Any CPU
		{7B740D3F-A792-44AC-9B23-CC77E7D777AA}.Ad-Hoc|ARM.ActiveCfg = Release|Any CPU
		{7B740D3F-A792-44AC-9B23-CC77E7D777AA}.Ad-Hoc|ARM.Build.0 = Release|Any CPU
		{7B740D3F-A792-44AC-9B23-CC77E7D777AA}.Ad-Hoc|iPhone.ActiveCfg = Release|Any CPU
		{7B740D3F-A792-44AC-9B23-CC77E7D777AA}.Ad-Hoc|iPhone.Build.0 = Release|Any CPU
		{7B740D3F-A792-44AC-9B23-CC77E7D777AA}.Ad-Hoc|iPhoneSimulator.ActiveCfg = Release|Any CPU
		{7B740D3F-A792-44AC-9B23-CC77E7D777AA}.Ad-Hoc|iPhoneSimulator.Build.0 = Release|Any CPU
		{7B740D3F-A792-44AC-9B23-CC77E7D777AA}.Ad-Hoc|x64.ActiveCfg = Release|Any CPU
		{7B740D3F-A792-44AC-9B23-CC77E7D777AA}.Ad-Hoc|x64.Build.0 = Release|Any CPU
		{7B740D3F-A792-44AC-9B23-CC77E7D777AA}.Ad-Hoc|x86.ActiveCfg = Release|Any CPU
		{7B740D3F-A792-44AC-9B23-CC77E7D777AA}.Ad-Hoc|x86.Build.0 = Release|Any CPU
		{7B740D3F-A792-44AC-9B23-CC77E7D777AA}.AppStore|Any CPU.ActiveCfg = Release|Any CPU
		{7B740D3F-A792-44AC-9B23-CC77E7D777AA}.AppStore|Any CPU.Build.0 = Release|Any CPU
		{7B740D3F-A792-44AC-9B23-CC77E7D777AA}.AppStore|ARM.ActiveCfg = Release|Any CPU
		{7B740D3F-A792-44AC-9B23-CC77E7D777AA}.AppStore|ARM.Build.0 = Release|Any CPU
		{7B740D3F-A792-44AC-9B23-CC77E7D777AA}.AppStore|iPhone.ActiveCfg = Release|Any CPU
		{7B740D3F-A792-44AC-9B23-CC77E7D777AA}.AppStore|iPhone.Build.0 = Release|Any CPU
		{7B740D3F-A792-44AC-9B23-CC77E7D777AA}.AppStore|iPhoneSimulator.ActiveCfg = Release|Any CPU
		{7B740D3F-A792-44AC-9B23-CC77E7D777AA}.AppStore|iPhoneSimulator.Build.0 = Release|Any CPU
		{7B740D3F-A792-44AC-9B23-CC77E7D777AA}.AppStore|x64.ActiveCfg = Release|Any CPU
		{7B740D3F-A792-44AC-9B23-CC77E7D777AA}.AppStore|x64.Build.0 = Release|Any CPU
		{7B740D3F-A792-44AC-9B23-CC77E7D777AA}.AppStore|x86.ActiveCfg = Release|Any CPU
		{7B740D3F-A792-44AC-9B23-CC77E7D777AA}.AppStore|x86.Build.0 = Release|Any CPU
		{7B740D3F-A792-44AC-9B23-CC77E7D777AA}.Debug|Any CPU.ActiveCfg = Debug|Any CPU
		{7B740D3F-A792-44AC-9B23-CC77E7D777AA}.Debug|Any CPU.Build.0 = Debug|Any CPU
		{7B740D3F-A792-44AC-9B23-CC77E7D777AA}.Debug|ARM.ActiveCfg = Debug|Any CPU
		{7B740D3F-A792-44AC-9B23-CC77E7D777AA}.Debug|ARM.Build.0 = Debug|Any CPU
		{7B740D3F-A792-44AC-9B23-CC77E7D777AA}.Debug|iPhone.ActiveCfg = Debug|Any CPU
		{7B740D3F-A792-44AC-9B23-CC77E7D777AA}.Debug|iPhone.Build.0 = Debug|Any CPU
		{7B740D3F-A792-44AC-9B23-CC77E7D777AA}.Debug|iPhoneSimulator.ActiveCfg = Debug|Any CPU
		{7B740D3F-A792-44AC-9B23-CC77E7D777AA}.Debug|iPhoneSimulator.Build.0 = Debug|Any CPU
		{7B740D3F-A792-44AC-9B23-CC77E7D777AA}.Debug|x64.ActiveCfg = Debug|Any CPU
		{7B740D3F-A792-44AC-9B23-CC77E7D777AA}.Debug|x64.Build.0 = Debug|Any CPU
		{7B740D3F-A792-44AC-9B23-CC77E7D777AA}.Debug|x86.ActiveCfg = Debug|Any CPU
		{7B740D3F-A792-44AC-9B23-CC77E7D777AA}.Debug|x86.Build.0 = Debug|Any CPU
		{7B740D3F-A792-44AC-9B23-CC77E7D777AA}.Release|Any CPU.ActiveCfg = Release|Any CPU
		{7B740D3F-A792-44AC-9B23-CC77E7D777AA}.Release|Any CPU.Build.0 = Release|Any CPU
		{7B740D3F-A792-44AC-9B23-CC77E7D777AA}.Release|ARM.ActiveCfg = Release|Any CPU
		{7B740D3F-A792-44AC-9B23-CC77E7D777AA}.Release|ARM.Build.0 = Release|Any CPU
		{7B740D3F-A792-44AC-9B23-CC77E7D777AA}.Release|iPhone.ActiveCfg = Release|Any CPU
		{7B740D3F-A792-44AC-9B23-CC77E7D777AA}.Release|iPhone.Build.0 = Release|Any CPU
		{7B740D3F-A792-44AC-9B23-CC77E7D777AA}.Release|iPhoneSimulator.ActiveCfg = Release|Any CPU
		{7B740D3F-A792-44AC-9B23-CC77E7D777AA}.Release|iPhoneSimulator.Build.0 = Release|Any CPU
		{7B740D3F-A792-44AC-9B23-CC77E7D777AA}.Release|x64.ActiveCfg = Release|Any CPU
		{7B740D3F-A792-44AC-9B23-CC77E7D777AA}.Release|x64.Build.0 = Release|Any CPU
		{7B740D3F-A792-44AC-9B23-CC77E7D777AA}.Release|x86.ActiveCfg = Release|Any CPU
		{7B740D3F-A792-44AC-9B23-CC77E7D777AA}.Release|x86.Build.0 = Release|Any CPU
		{5D5B0B25-60DC-4D0F-9B57-B813A059D77D}.Ad-Hoc|Any CPU.ActiveCfg = Release|x64
		{5D5B0B25-60DC-4D0F-9B57-B813A059D77D}.Ad-Hoc|Any CPU.Build.0 = Release|x64
		{5D5B0B25-60DC-4D0F-9B57-B813A059D77D}.Ad-Hoc|Any CPU.Deploy.0 = Release|x64
		{5D5B0B25-60DC-4D0F-9B57-B813A059D77D}.Ad-Hoc|ARM.ActiveCfg = Release|ARM
		{5D5B0B25-60DC-4D0F-9B57-B813A059D77D}.Ad-Hoc|ARM.Build.0 = Release|ARM
		{5D5B0B25-60DC-4D0F-9B57-B813A059D77D}.Ad-Hoc|ARM.Deploy.0 = Release|ARM
		{5D5B0B25-60DC-4D0F-9B57-B813A059D77D}.Ad-Hoc|iPhone.ActiveCfg = Release|x64
		{5D5B0B25-60DC-4D0F-9B57-B813A059D77D}.Ad-Hoc|iPhone.Build.0 = Release|x64
		{5D5B0B25-60DC-4D0F-9B57-B813A059D77D}.Ad-Hoc|iPhone.Deploy.0 = Release|x64
		{5D5B0B25-60DC-4D0F-9B57-B813A059D77D}.Ad-Hoc|iPhoneSimulator.ActiveCfg = Release|x64
		{5D5B0B25-60DC-4D0F-9B57-B813A059D77D}.Ad-Hoc|iPhoneSimulator.Build.0 = Release|x64
		{5D5B0B25-60DC-4D0F-9B57-B813A059D77D}.Ad-Hoc|iPhoneSimulator.Deploy.0 = Release|x64
		{5D5B0B25-60DC-4D0F-9B57-B813A059D77D}.Ad-Hoc|x64.ActiveCfg = Release|x64
		{5D5B0B25-60DC-4D0F-9B57-B813A059D77D}.Ad-Hoc|x64.Build.0 = Release|x64
		{5D5B0B25-60DC-4D0F-9B57-B813A059D77D}.Ad-Hoc|x64.Deploy.0 = Release|x64
		{5D5B0B25-60DC-4D0F-9B57-B813A059D77D}.Ad-Hoc|x86.ActiveCfg = Release|x86
		{5D5B0B25-60DC-4D0F-9B57-B813A059D77D}.Ad-Hoc|x86.Build.0 = Release|x86
		{5D5B0B25-60DC-4D0F-9B57-B813A059D77D}.Ad-Hoc|x86.Deploy.0 = Release|x86
		{5D5B0B25-60DC-4D0F-9B57-B813A059D77D}.AppStore|Any CPU.ActiveCfg = Release|x64
		{5D5B0B25-60DC-4D0F-9B57-B813A059D77D}.AppStore|Any CPU.Build.0 = Release|x64
		{5D5B0B25-60DC-4D0F-9B57-B813A059D77D}.AppStore|Any CPU.Deploy.0 = Release|x64
		{5D5B0B25-60DC-4D0F-9B57-B813A059D77D}.AppStore|ARM.ActiveCfg = Release|ARM
		{5D5B0B25-60DC-4D0F-9B57-B813A059D77D}.AppStore|ARM.Build.0 = Release|ARM
		{5D5B0B25-60DC-4D0F-9B57-B813A059D77D}.AppStore|ARM.Deploy.0 = Release|ARM
		{5D5B0B25-60DC-4D0F-9B57-B813A059D77D}.AppStore|iPhone.ActiveCfg = Release|x64
		{5D5B0B25-60DC-4D0F-9B57-B813A059D77D}.AppStore|iPhone.Build.0 = Release|x64
		{5D5B0B25-60DC-4D0F-9B57-B813A059D77D}.AppStore|iPhone.Deploy.0 = Release|x64
		{5D5B0B25-60DC-4D0F-9B57-B813A059D77D}.AppStore|iPhoneSimulator.ActiveCfg = Release|x64
		{5D5B0B25-60DC-4D0F-9B57-B813A059D77D}.AppStore|iPhoneSimulator.Build.0 = Release|x64
		{5D5B0B25-60DC-4D0F-9B57-B813A059D77D}.AppStore|iPhoneSimulator.Deploy.0 = Release|x64
		{5D5B0B25-60DC-4D0F-9B57-B813A059D77D}.AppStore|x64.ActiveCfg = Release|x64
		{5D5B0B25-60DC-4D0F-9B57-B813A059D77D}.AppStore|x64.Build.0 = Release|x64
		{5D5B0B25-60DC-4D0F-9B57-B813A059D77D}.AppStore|x64.Deploy.0 = Release|x64
		{5D5B0B25-60DC-4D0F-9B57-B813A059D77D}.AppStore|x86.ActiveCfg = Release|x86
		{5D5B0B25-60DC-4D0F-9B57-B813A059D77D}.AppStore|x86.Build.0 = Release|x86
		{5D5B0B25-60DC-4D0F-9B57-B813A059D77D}.AppStore|x86.Deploy.0 = Release|x86
		{5D5B0B25-60DC-4D0F-9B57-B813A059D77D}.Debug|Any CPU.ActiveCfg = Debug|x86
		{5D5B0B25-60DC-4D0F-9B57-B813A059D77D}.Debug|ARM.ActiveCfg = Debug|ARM
		{5D5B0B25-60DC-4D0F-9B57-B813A059D77D}.Debug|ARM.Build.0 = Debug|ARM
		{5D5B0B25-60DC-4D0F-9B57-B813A059D77D}.Debug|ARM.Deploy.0 = Debug|ARM
		{5D5B0B25-60DC-4D0F-9B57-B813A059D77D}.Debug|iPhone.ActiveCfg = Debug|x86
		{5D5B0B25-60DC-4D0F-9B57-B813A059D77D}.Debug|iPhoneSimulator.ActiveCfg = Debug|x86
		{5D5B0B25-60DC-4D0F-9B57-B813A059D77D}.Debug|x64.ActiveCfg = Debug|x64
		{5D5B0B25-60DC-4D0F-9B57-B813A059D77D}.Debug|x64.Build.0 = Debug|x64
		{5D5B0B25-60DC-4D0F-9B57-B813A059D77D}.Debug|x64.Deploy.0 = Debug|x64
		{5D5B0B25-60DC-4D0F-9B57-B813A059D77D}.Debug|x86.ActiveCfg = Debug|x86
		{5D5B0B25-60DC-4D0F-9B57-B813A059D77D}.Debug|x86.Build.0 = Debug|x86
		{5D5B0B25-60DC-4D0F-9B57-B813A059D77D}.Debug|x86.Deploy.0 = Debug|x86
		{5D5B0B25-60DC-4D0F-9B57-B813A059D77D}.Release|Any CPU.ActiveCfg = Release|x86
		{5D5B0B25-60DC-4D0F-9B57-B813A059D77D}.Release|ARM.ActiveCfg = Release|ARM
		{5D5B0B25-60DC-4D0F-9B57-B813A059D77D}.Release|ARM.Build.0 = Release|ARM
		{5D5B0B25-60DC-4D0F-9B57-B813A059D77D}.Release|ARM.Deploy.0 = Release|ARM
		{5D5B0B25-60DC-4D0F-9B57-B813A059D77D}.Release|iPhone.ActiveCfg = Release|x86
		{5D5B0B25-60DC-4D0F-9B57-B813A059D77D}.Release|iPhoneSimulator.ActiveCfg = Release|x86
		{5D5B0B25-60DC-4D0F-9B57-B813A059D77D}.Release|x64.ActiveCfg = Release|x64
		{5D5B0B25-60DC-4D0F-9B57-B813A059D77D}.Release|x64.Build.0 = Release|x64
		{5D5B0B25-60DC-4D0F-9B57-B813A059D77D}.Release|x64.Deploy.0 = Release|x64
		{5D5B0B25-60DC-4D0F-9B57-B813A059D77D}.Release|x86.ActiveCfg = Release|x86
		{5D5B0B25-60DC-4D0F-9B57-B813A059D77D}.Release|x86.Build.0 = Release|x86
		{5D5B0B25-60DC-4D0F-9B57-B813A059D77D}.Release|x86.Deploy.0 = Release|x86
	EndGlobalSection
	GlobalSection(SolutionProperties) = preSolution
		HideSolutionNode = FALSE
	EndGlobalSection
EndGlobal
